lockfileVersion: 5.3

specifiers:
  '@types/lodash': ^4.14.173
  '@types/node': ^16.6.1
  axios: ^0.21.4
  cross-env: ^7.0.3
  jsdom: ^17.0.0
  lodash: ^4.17.21
  pinyin-pro: ^3.3.1
  prettier: ^2.3.2
  tencentcloud-sdk-nodejs: ^4.0.183

dependencies:
  '@types/node': registry.npmmirror.com/@types/node/16.11.26
  axios: registry.npmmirror.com/axios/0.21.4
  jsdom: registry.npmmirror.com/jsdom/17.0.0
  pinyin-pro: registry.npmmirror.com/pinyin-pro/3.8.3
  prettier: registry.npmmirror.com/prettier/2.6.2
  tencentcloud-sdk-nodejs: registry.npmmirror.com/tencentcloud-sdk-nodejs/4.0.322

devDependencies:
  '@types/lodash': registry.npmmirror.com/@types/lodash/4.14.181
  cross-env: registry.npmmirror.com/cross-env/7.0.3
  lodash: registry.npmmirror.com/lodash/4.17.21

packages:

  registry.npmmirror.com/@tootallnate/once/1.1.2:
    resolution: {integrity: sha512-RbzJvlNzmRq5c3O09UipeuXno4tA1FE6ikOjxZK0tuxVv3412l64l5t1W5pj4+rJq9vpkm/kwiR07aZXnsKPxw==, registry: https://packages.aliyun.com/60c197272c5969c370c5fc9b/npm/npm-registry/, tarball: https://registry.npmmirror.com/@tootallnate/once/-/once-1.1.2.tgz}
    name: '@tootallnate/once'
    version: 1.1.2
    engines: {node: '>= 6'}
    dev: false

  registry.npmmirror.com/@types/lodash/4.14.181:
    resolution: {integrity: sha512-n3tyKthHJbkiWhDZs3DkhkCzt2MexYHXlX0td5iMplyfwketaOeKboEVBqzceH7juqvEg3q5oUoBFxSLu7zFag==, registry: https://packages.aliyun.com/60c197272c5969c370c5fc9b/npm/npm-registry/, tarball: https://registry.npmmirror.com/@types/lodash/-/lodash-4.14.181.tgz}
    name: '@types/lodash'
    version: 4.14.181
    dev: true

  registry.npmmirror.com/@types/node/16.11.26:
    resolution: {integrity: sha512-GZ7bu5A6+4DtG7q9GsoHXy3ALcgeIHP4NnL0Vv2wu0uUB/yQex26v0tf6/na1mm0+bS9Uw+0DFex7aaKr2qawQ==, registry: https://packages.aliyun.com/60c197272c5969c370c5fc9b/npm/npm-registry/, tarball: https://registry.npmmirror.com/@types/node/-/node-16.11.26.tgz}
    name: '@types/node'
    version: 16.11.26
    dev: false

  registry.npmmirror.com/abab/2.0.5:
    resolution: {integrity: sha512-9IK9EadsbHo6jLWIpxpR6pL0sazTXV6+SQv25ZB+F7Bj9mJNaOc4nCRabwd5M/JwmUa8idz6Eci6eKfJryPs6Q==, registry: https://packages.aliyun.com/60c197272c5969c370c5fc9b/npm/npm-registry/, tarball: https://registry.npmmirror.com/abab/-/abab-2.0.5.tgz}
    name: abab
    version: 2.0.5
    dev: false

  registry.npmmirror.com/acorn-globals/6.0.0:
    resolution: {integrity: sha512-ZQl7LOWaF5ePqqcX4hLuv/bLXYQNfNWw2c0/yX/TsPRKamzHcTGQnlCjHT3TsmkOUVEPS3crCxiPfdzE/Trlhg==, registry: https://packages.aliyun.com/60c197272c5969c370c5fc9b/npm/npm-registry/, tarball: https://registry.npmmirror.com/acorn-globals/-/acorn-globals-6.0.0.tgz}
    name: acorn-globals
    version: 6.0.0
    dependencies:
      acorn: registry.npmmirror.com/acorn/7.4.1
      acorn-walk: registry.npmmirror.com/acorn-walk/7.2.0
    dev: false

  registry.npmmirror.com/acorn-walk/7.2.0:
    resolution: {integrity: sha512-OPdCF6GsMIP+Az+aWfAAOEt2/+iVDKE7oy6lJ098aoe59oAmK76qV6Gw60SbZ8jHuG2wH058GF4pLFbYamYrVA==, registry: https://packages.aliyun.com/60c197272c5969c370c5fc9b/npm/npm-registry/, tarball: https://registry.npmmirror.com/acorn-walk/-/acorn-walk-7.2.0.tgz}
    name: acorn-walk
    version: 7.2.0
    engines: {node: '>=0.4.0'}
    dev: false

  registry.npmmirror.com/acorn/7.4.1:
    resolution: {integrity: sha512-nQyp0o1/mNdbTO1PO6kHkwSrmgZ0MT/jCCpNiwbUjGoRN4dlBhqJtoQuCnEOKzgTVwg0ZWiCoQy6SxMebQVh8A==, registry: https://packages.aliyun.com/60c197272c5969c370c5fc9b/npm/npm-registry/, tarball: https://registry.npmmirror.com/acorn/-/acorn-7.4.1.tgz}
    name: acorn
    version: 7.4.1
    engines: {node: '>=0.4.0'}
    hasBin: true
    dev: false

  registry.npmmirror.com/acorn/8.7.0:
    resolution: {integrity: sha512-V/LGr1APy+PXIwKebEWrkZPwoeoF+w1jiOBUmuxuiUIaOHtob8Qc9BTrYo7VuI5fR8tqsy+buA2WFooR5olqvQ==, registry: https://packages.aliyun.com/60c197272c5969c370c5fc9b/npm/npm-registry/, tarball: https://registry.npmmirror.com/acorn/-/acorn-8.7.0.tgz}
    name: acorn
    version: 8.7.0
    engines: {node: '>=0.4.0'}
    hasBin: true
    dev: false

  registry.npmmirror.com/agent-base/6.0.2:
    resolution: {integrity: sha512-RZNwNclF7+MS/8bDg70amg32dyeZGZxiDuQmZxKLAlQjr3jGyLx+4Kkk58UO7D2QdgFIQCovuSuZESne6RG6XQ==, registry: https://packages.aliyun.com/60c197272c5969c370c5fc9b/npm/npm-registry/, tarball: https://registry.npmmirror.com/agent-base/-/agent-base-6.0.2.tgz}
    name: agent-base
    version: 6.0.2
    engines: {node: '>= 6.0.0'}
    dependencies:
      debug: registry.npmmirror.com/debug/4.3.4
    dev: false

  registry.npmmirror.com/asynckit/0.4.0:
    resolution: {integrity: sha512-Oei9OH4tRh0YqU3GxhX79dM/mwVgvbZJaSNaRk+bshkj0S5cfHcgYakreBjrHwatXKbz+IoIdYLxrKim2MjW0Q==, registry: https://packages.aliyun.com/60c197272c5969c370c5fc9b/npm/npm-registry/, tarball: https://registry.npmmirror.com/asynckit/-/asynckit-0.4.0.tgz}
    name: asynckit
    version: 0.4.0
    dev: false

  registry.npmmirror.com/axios/0.21.4:
    resolution: {integrity: sha512-ut5vewkiu8jjGBdqpM44XxjuCjq9LAKeHVmoVfHVzy8eHgxxq8SbAVQNovDA8mVi05kP0Ea/n/UzcSHcTJQfNg==, registry: https://packages.aliyun.com/60c197272c5969c370c5fc9b/npm/npm-registry/, tarball: https://registry.npmmirror.com/axios/-/axios-0.21.4.tgz}
    name: axios
    version: 0.21.4
    dependencies:
      follow-redirects: registry.npmmirror.com/follow-redirects/1.14.9
    dev: false

  registry.npmmirror.com/browser-process-hrtime/1.0.0:
    resolution: {integrity: sha512-9o5UecI3GhkpM6DrXr69PblIuWxPKk9Y0jHBRhdocZ2y7YECBFCsHm79Pr3OyR2AvjhDkabFJaDJMYRazHgsow==, registry: https://packages.aliyun.com/60c197272c5969c370c5fc9b/npm/npm-registry/, tarball: https://registry.npmmirror.com/browser-process-hrtime/-/browser-process-hrtime-1.0.0.tgz}
    name: browser-process-hrtime
    version: 1.0.0
    dev: false

  registry.npmmirror.com/combined-stream/1.0.8:
    resolution: {integrity: sha512-FQN4MRfuJeHf7cBbBMJFXhKSDq+2kAArBlmRBvcvFE5BB1HZKXtSFASDhdlz9zOYwxh8lDdnvmMOe/+5cdoEdg==, registry: https://packages.aliyun.com/60c197272c5969c370c5fc9b/npm/npm-registry/, tarball: https://registry.npmmirror.com/combined-stream/-/combined-stream-1.0.8.tgz}
    name: combined-stream
    version: 1.0.8
    engines: {node: '>= 0.8'}
    dependencies:
      delayed-stream: registry.npmmirror.com/delayed-stream/1.0.0
    dev: false

  registry.npmmirror.com/cross-env/7.0.3:
    resolution: {integrity: sha512-+/HKd6EgcQCJGh2PSjZuUitQBQynKor4wrFbRg4DtAgS1aWO+gU52xpH7M9ScGgXSYmAVS9bIJ8EzuaGw0oNAw==, registry: https://packages.aliyun.com/60c197272c5969c370c5fc9b/npm/npm-registry/, tarball: https://registry.npmmirror.com/cross-env/-/cross-env-7.0.3.tgz}
    name: cross-env
    version: 7.0.3
    engines: {node: '>=10.14', npm: '>=6', yarn: '>=1'}
    hasBin: true
    dependencies:
      cross-spawn: registry.npmmirror.com/cross-spawn/7.0.3
    dev: true

  registry.npmmirror.com/cross-spawn/7.0.3:
    resolution: {integrity: sha512-iRDPJKUPVEND7dHPO8rkbOnPpyDygcDFtWjpeWNCgy8WP2rXcxXL8TskReQl6OrB2G7+UJrags1q15Fudc7G6w==, registry: https://packages.aliyun.com/60c197272c5969c370c5fc9b/npm/npm-registry/, tarball: https://registry.npmmirror.com/cross-spawn/-/cross-spawn-7.0.3.tgz}
    name: cross-spawn
    version: 7.0.3
    engines: {node: '>= 8'}
    dependencies:
      path-key: registry.npmmirror.com/path-key/3.1.1
      shebang-command: registry.npmmirror.com/shebang-command/2.0.0
      which: registry.npmmirror.com/which/2.0.2
    dev: true

  registry.npmmirror.com/cssom/0.3.8:
    resolution: {integrity: sha512-b0tGHbfegbhPJpxpiBPU2sCkigAqtM9O121le6bbOlgyV+NyGyCmVfJ6QW9eRjz8CpNfWEOYBIMIGRYkLwsIYg==, registry: https://packages.aliyun.com/60c197272c5969c370c5fc9b/npm/npm-registry/, tarball: https://registry.npmmirror.com/cssom/-/cssom-0.3.8.tgz}
    name: cssom
    version: 0.3.8
    dev: false

  registry.npmmirror.com/cssom/0.5.0:
    resolution: {integrity: sha512-iKuQcq+NdHqlAcwUY0o/HL69XQrUaQdMjmStJ8JFmUaiiQErlhrmuigkg/CU4E2J0IyUKUrMAgl36TvN67MqTw==, registry: https://packages.aliyun.com/60c197272c5969c370c5fc9b/npm/npm-registry/, tarball: https://registry.npmmirror.com/cssom/-/cssom-0.5.0.tgz}
    name: cssom
    version: 0.5.0
    dev: false

  registry.npmmirror.com/cssstyle/2.3.0:
    resolution: {integrity: sha512-AZL67abkUzIuvcHqk7c09cezpGNcxUxU4Ioi/05xHk4DQeTkWmGYftIE6ctU6AEt+Gn4n1lDStOtj7FKycP71A==, registry: https://packages.aliyun.com/60c197272c5969c370c5fc9b/npm/npm-registry/, tarball: https://registry.npmmirror.com/cssstyle/-/cssstyle-2.3.0.tgz}
    name: cssstyle
    version: 2.3.0
    engines: {node: '>=8'}
    dependencies:
      cssom: registry.npmmirror.com/cssom/0.3.8
    dev: false

  registry.npmmirror.com/data-urls/3.0.1:
    resolution: {integrity: sha512-Ds554NeT5Gennfoo9KN50Vh6tpgtvYEwraYjejXnyTpu1C7oXKxdFk75REooENHE8ndTVOJuv+BEs4/J/xcozw==, registry: https://packages.aliyun.com/60c197272c5969c370c5fc9b/npm/npm-registry/, tarball: https://registry.npmmirror.com/data-urls/-/data-urls-3.0.1.tgz}
    name: data-urls
    version: 3.0.1
    engines: {node: '>=12'}
    dependencies:
      abab: registry.npmmirror.com/abab/2.0.5
      whatwg-mimetype: registry.npmmirror.com/whatwg-mimetype/3.0.0
      whatwg-url: registry.npmmirror.com/whatwg-url/10.0.0
    dev: false

  registry.npmmirror.com/debug/4.3.4:
    resolution: {integrity: sha512-PRWFHuSU3eDtQJPvnNY7Jcket1j0t5OuOsFzPPzsekD52Zl8qUfFIPEiswXqIvHWGVHOgX+7G/vCNNhehwxfkQ==, registry: https://packages.aliyun.com/60c197272c5969c370c5fc9b/npm/npm-registry/, tarball: https://registry.npmmirror.com/debug/-/debug-4.3.4.tgz}
    name: debug
    version: 4.3.4
    engines: {node: '>=6.0'}
    dependencies:
      ms: registry.npmmirror.com/ms/2.1.2
    dev: false

  registry.npmmirror.com/decimal.js/10.3.1:
    resolution: {integrity: sha512-V0pfhfr8suzyPGOx3nmq4aHqabehUZn6Ch9kyFpV79TGDTWFmHqUqXdabR7QHqxzrYolF4+tVmJhUG4OURg5dQ==, registry: https://packages.aliyun.com/60c197272c5969c370c5fc9b/npm/npm-registry/, tarball: https://registry.npmmirror.com/decimal.js/-/decimal.js-10.3.1.tgz}
    name: decimal.js
    version: 10.3.1
    dev: false

  registry.npmmirror.com/deep-is/0.1.4:
    resolution: {integrity: sha512-oIPzksmTg4/MriiaYGO+okXDT7ztn/w3Eptv/+gSIdMdKsJo0u4CfYNFJPy+4SKMuCqGw2wxnA+URMg3t8a/bQ==, registry: https://packages.aliyun.com/60c197272c5969c370c5fc9b/npm/npm-registry/, tarball: https://registry.npmmirror.com/deep-is/-/deep-is-0.1.4.tgz}
    name: deep-is
    version: 0.1.4
    dev: false

  registry.npmmirror.com/delayed-stream/1.0.0:
    resolution: {integrity: sha512-ZySD7Nf91aLB0RxL4KGrKHBXl7Eds1DAmEdcoVawXnLD7SDhpNgtuII2aAkg7a7QS41jxPSZ17p4VdGnMHk3MQ==, registry: https://packages.aliyun.com/60c197272c5969c370c5fc9b/npm/npm-registry/, tarball: https://registry.npmmirror.com/delayed-stream/-/delayed-stream-1.0.0.tgz}
    name: delayed-stream
    version: 1.0.0
    engines: {node: '>=0.4.0'}
    dev: false

  registry.npmmirror.com/domexception/2.0.1:
    resolution: {integrity: sha512-yxJ2mFy/sibVQlu5qHjOkf9J3K6zgmCxgJ94u2EdvDOV09H+32LtRswEcUsmUWN72pVLOEnTSRaIVVzVQgS0dg==, registry: https://packages.aliyun.com/60c197272c5969c370c5fc9b/npm/npm-registry/, tarball: https://registry.npmmirror.com/domexception/-/domexception-2.0.1.tgz}
    name: domexception
    version: 2.0.1
    engines: {node: '>=8'}
    dependencies:
      webidl-conversions: registry.npmmirror.com/webidl-conversions/5.0.0
    dev: false

  registry.npmmirror.com/escodegen/2.0.0:
    resolution: {integrity: sha512-mmHKys/C8BFUGI+MAWNcSYoORYLMdPzjrknd2Vc+bUsjN5bXcr8EhrNB+UTqfL1y3I9c4fw2ihgtMPQLBRiQxw==, registry: https://packages.aliyun.com/60c197272c5969c370c5fc9b/npm/npm-registry/, tarball: https://registry.npmmirror.com/escodegen/-/escodegen-2.0.0.tgz}
    name: escodegen
    version: 2.0.0
    engines: {node: '>=6.0'}
    hasBin: true
    dependencies:
      esprima: registry.npmmirror.com/esprima/4.0.1
      estraverse: registry.npmmirror.com/estraverse/5.3.0
      esutils: registry.npmmirror.com/esutils/2.0.3
      optionator: registry.npmmirror.com/optionator/0.8.3
    optionalDependencies:
      source-map: registry.npmmirror.com/source-map/0.6.1
    dev: false

  registry.npmmirror.com/esprima/4.0.1:
    resolution: {integrity: sha512-eGuFFw7Upda+g4p+QHvnW0RyTX/SVeJBDM/gCtMARO0cLuT2HcEKnTPvhjV6aGeqrCB/sbNop0Kszm0jsaWU4A==, registry: https://packages.aliyun.com/60c197272c5969c370c5fc9b/npm/npm-registry/, tarball: https://registry.npmmirror.com/esprima/-/esprima-4.0.1.tgz}
    name: esprima
    version: 4.0.1
    engines: {node: '>=4'}
    hasBin: true
    dev: false

  registry.npmmirror.com/estraverse/5.3.0:
    resolution: {integrity: sha512-MMdARuVEQziNTeJD8DgMqmhwR11BRQ/cBP+pLtYdSTnf3MIO8fFeiINEbX36ZdNlfU/7A9f3gUw49B3oQsvwBA==, registry: https://packages.aliyun.com/60c197272c5969c370c5fc9b/npm/npm-registry/, tarball: https://registry.npmmirror.com/estraverse/-/estraverse-5.3.0.tgz}
    name: estraverse
    version: 5.3.0
    engines: {node: '>=4.0'}
    dev: false

  registry.npmmirror.com/esutils/2.0.3:
    resolution: {integrity: sha512-kVscqXk4OCp68SZ0dkgEKVi6/8ij300KBWTJq32P/dYeWTSwK41WyTxalN1eRmA5Z9UU/LX9D7FWSmV9SAYx6g==, registry: https://packages.aliyun.com/60c197272c5969c370c5fc9b/npm/npm-registry/, tarball: https://registry.npmmirror.com/esutils/-/esutils-2.0.3.tgz}
    name: esutils
    version: 2.0.3
    engines: {node: '>=0.10.0'}
    dev: false

  registry.npmmirror.com/fast-levenshtein/2.0.6:
    resolution: {integrity: sha512-DCXu6Ifhqcks7TZKY3Hxp3y6qphY5SJZmrWMDrKcERSOXWQdMhU9Ig/PYrzyw/ul9jOIyh0N4M0tbC5hodg8dw==, registry: https://packages.aliyun.com/60c197272c5969c370c5fc9b/npm/npm-registry/, tarball: https://registry.npmmirror.com/fast-levenshtein/-/fast-levenshtein-2.0.6.tgz}
    name: fast-levenshtein
    version: 2.0.6
    dev: false

  registry.npmmirror.com/follow-redirects/1.14.9:
    resolution: {integrity: sha512-MQDfihBQYMcyy5dhRDJUHcw7lb2Pv/TuE6xP1vyraLukNDHKbDxDNaOE3NbCAdKQApno+GPRyo1YAp89yCjK4w==, registry: https://packages.aliyun.com/60c197272c5969c370c5fc9b/npm/npm-registry/, tarball: https://registry.npmmirror.com/follow-redirects/-/follow-redirects-1.14.9.tgz}
    name: follow-redirects
    version: 1.14.9
    engines: {node: '>=4.0'}
    dev: false

  registry.npmmirror.com/form-data/3.0.1:
    resolution: {integrity: sha512-RHkBKtLWUVwd7SqRIvCZMEvAMoGUp0XU+seQiZejj0COz3RI3hWP4sCv3gZWWLjJTd7rGwcsF5eKZGii0r/hbg==, registry: https://packages.aliyun.com/60c197272c5969c370c5fc9b/npm/npm-registry/, tarball: https://registry.npmmirror.com/form-data/-/form-data-3.0.1.tgz}
    name: form-data
    version: 3.0.1
    engines: {node: '>= 6'}
    dependencies:
      asynckit: registry.npmmirror.com/asynckit/0.4.0
      combined-stream: registry.npmmirror.com/combined-stream/1.0.8
      mime-types: registry.npmmirror.com/mime-types/2.1.35
    dev: false

  registry.npmmirror.com/form-data/4.0.0:
    resolution: {integrity: sha512-ETEklSGi5t0QMZuiXoA/Q6vcnxcLQP5vdugSpuAyi6SVGi2clPPp+xgEhuMaHC+zGgn31Kd235W35f7Hykkaww==, registry: https://packages.aliyun.com/60c197272c5969c370c5fc9b/npm/npm-registry/, tarball: https://registry.npmmirror.com/form-data/-/form-data-4.0.0.tgz}
    name: form-data
    version: 4.0.0
    engines: {node: '>= 6'}
    dependencies:
      asynckit: registry.npmmirror.com/asynckit/0.4.0
      combined-stream: registry.npmmirror.com/combined-stream/1.0.8
      mime-types: registry.npmmirror.com/mime-types/2.1.35
    dev: false

  registry.npmmirror.com/get-stream/6.0.1:
    resolution: {integrity: sha512-ts6Wi+2j3jQjqi70w5AlN8DFnkSwC+MqmxEzdEALB2qXZYV3X/b1CTfgPLGJNMeAWxdPfU8FO1ms3NUfaHCPYg==, registry: https://packages.aliyun.com/60c197272c5969c370c5fc9b/npm/npm-registry/, tarball: https://registry.npmmirror.com/get-stream/-/get-stream-6.0.1.tgz}
    name: get-stream
    version: 6.0.1
    engines: {node: '>=10'}
    dev: false

  registry.npmmirror.com/html-encoding-sniffer/2.0.1:
    resolution: {integrity: sha512-D5JbOMBIR/TVZkubHT+OyT2705QvogUW4IBn6nHd756OwieSF9aDYFj4dv6HHEVGYbHaLETa3WggZYWWMyy3ZQ==, registry: https://packages.aliyun.com/60c197272c5969c370c5fc9b/npm/npm-registry/, tarball: https://registry.npmmirror.com/html-encoding-sniffer/-/html-encoding-sniffer-2.0.1.tgz}
    name: html-encoding-sniffer
    version: 2.0.1
    engines: {node: '>=10'}
    dependencies:
      whatwg-encoding: registry.npmmirror.com/whatwg-encoding/1.0.5
    dev: false

  registry.npmmirror.com/http-proxy-agent/4.0.1:
    resolution: {integrity: sha512-k0zdNgqWTGA6aeIRVpvfVob4fL52dTfaehylg0Y4UvSySvOq/Y+BOyPrgpUrA7HylqvU8vIZGsRuXmspskV0Tg==, registry: https://packages.aliyun.com/60c197272c5969c370c5fc9b/npm/npm-registry/, tarball: https://registry.npmmirror.com/http-proxy-agent/-/http-proxy-agent-4.0.1.tgz}
    name: http-proxy-agent
    version: 4.0.1
    engines: {node: '>= 6'}
    dependencies:
      '@tootallnate/once': registry.npmmirror.com/@tootallnate/once/1.1.2
      agent-base: registry.npmmirror.com/agent-base/6.0.2
      debug: registry.npmmirror.com/debug/4.3.4
    dev: false

  registry.npmmirror.com/https-proxy-agent/5.0.0:
    resolution: {integrity: sha512-EkYm5BcKUGiduxzSt3Eppko+PiNWNEpa4ySk9vTC6wDsQJW9rHSa+UhGNJoRYp7bz6Ht1eaRIa6QaJqO5rCFbA==, registry: https://packages.aliyun.com/60c197272c5969c370c5fc9b/npm/npm-registry/, tarball: https://registry.npmmirror.com/https-proxy-agent/-/https-proxy-agent-5.0.0.tgz}
    name: https-proxy-agent
    version: 5.0.0
    engines: {node: '>= 6'}
    dependencies:
      agent-base: registry.npmmirror.com/agent-base/6.0.2
      debug: registry.npmmirror.com/debug/4.3.4
    dev: false

  registry.npmmirror.com/iconv-lite/0.4.24:
    resolution: {integrity: sha512-v3MXnZAcvnywkTUEZomIActle7RXXeedOR31wwl7VlyoXO4Qi9arvSenNQWne1TcRwhCL1HwLI21bEqdpj8/rA==, registry: https://packages.aliyun.com/60c197272c5969c370c5fc9b/npm/npm-registry/, tarball: https://registry.npmmirror.com/iconv-lite/-/iconv-lite-0.4.24.tgz}
    name: iconv-lite
    version: 0.4.24
    engines: {node: '>=0.10.0'}
    dependencies:
      safer-buffer: registry.npmmirror.com/safer-buffer/2.1.2
    dev: false

  registry.npmmirror.com/is-potential-custom-element-name/1.0.1:
    resolution: {integrity: sha512-bCYeRA2rVibKZd+s2625gGnGF/t7DSqDs4dP7CrLA1m7jKWz6pps0LpYLJN8Q64HtmPKJ1hrN3nzPNKFEKOUiQ==, registry: https://packages.aliyun.com/60c197272c5969c370c5fc9b/npm/npm-registry/, tarball: https://registry.npmmirror.com/is-potential-custom-element-name/-/is-potential-custom-element-name-1.0.1.tgz}
    name: is-potential-custom-element-name
    version: 1.0.1
    dev: false

  registry.npmmirror.com/is-stream/2.0.1:
    resolution: {integrity: sha512-hFoiJiTl63nn+kstHGBtewWSKnQLpyb155KHheA1l39uvtO9nWIop1p3udqPcUd/xbF1VLMO4n7OI6p7RbngDg==, registry: https://packages.aliyun.com/60c197272c5969c370c5fc9b/npm/npm-registry/, tarball: https://registry.npmmirror.com/is-stream/-/is-stream-2.0.1.tgz}
    name: is-stream
    version: 2.0.1
    engines: {node: '>=8'}
    dev: false

  registry.npmmirror.com/isexe/2.0.0:
    resolution: {integrity: sha512-RHxMLp9lnKHGHRng9QFhRCMbYAcVpn69smSGcq3f36xjgVVWThj4qqLbTLlq7Ssj8B+fIQ1EuCEGI2lKsyQeIw==, registry: https://packages.aliyun.com/60c197272c5969c370c5fc9b/npm/npm-registry/, tarball: https://registry.npmmirror.com/isexe/-/isexe-2.0.0.tgz}
    name: isexe
    version: 2.0.0
    dev: true

  registry.npmmirror.com/jsdom/17.0.0:
    resolution: {integrity: sha512-MUq4XdqwtNurZDVeKScENMPHnkgmdIvMzZ1r1NSwHkDuaqI6BouPjr+17COo4/19oLNnmdpFDPOHVpgIZmZ+VA==, registry: https://packages.aliyun.com/60c197272c5969c370c5fc9b/npm/npm-registry/, tarball: https://registry.npmmirror.com/jsdom/-/jsdom-17.0.0.tgz}
    name: jsdom
    version: 17.0.0
    engines: {node: '>=12'}
    dependencies:
      abab: registry.npmmirror.com/abab/2.0.5
      acorn: registry.npmmirror.com/acorn/8.7.0
      acorn-globals: registry.npmmirror.com/acorn-globals/6.0.0
      cssom: registry.npmmirror.com/cssom/0.5.0
      cssstyle: registry.npmmirror.com/cssstyle/2.3.0
      data-urls: registry.npmmirror.com/data-urls/3.0.1
      decimal.js: registry.npmmirror.com/decimal.js/10.3.1
      domexception: registry.npmmirror.com/domexception/2.0.1
      escodegen: registry.npmmirror.com/escodegen/2.0.0
      form-data: registry.npmmirror.com/form-data/4.0.0
      html-encoding-sniffer: registry.npmmirror.com/html-encoding-sniffer/2.0.1
      http-proxy-agent: registry.npmmirror.com/http-proxy-agent/4.0.1
      https-proxy-agent: registry.npmmirror.com/https-proxy-agent/5.0.0
      is-potential-custom-element-name: registry.npmmirror.com/is-potential-custom-element-name/1.0.1
      nwsapi: registry.npmmirror.com/nwsapi/2.2.0
      parse5: registry.npmmirror.com/parse5/6.0.1
      saxes: registry.npmmirror.com/saxes/5.0.1
      symbol-tree: registry.npmmirror.com/symbol-tree/3.2.4
      tough-cookie: registry.npmmirror.com/tough-cookie/4.0.0
      w3c-hr-time: registry.npmmirror.com/w3c-hr-time/1.0.2
      w3c-xmlserializer: registry.npmmirror.com/w3c-xmlserializer/2.0.0
      webidl-conversions: registry.npmmirror.com/webidl-conversions/6.1.0
      whatwg-encoding: registry.npmmirror.com/whatwg-encoding/1.0.5
      whatwg-mimetype: registry.npmmirror.com/whatwg-mimetype/2.3.0
      whatwg-url: registry.npmmirror.com/whatwg-url/9.1.0
      ws: registry.npmmirror.com/ws/8.5.0
      xml-name-validator: registry.npmmirror.com/xml-name-validator/3.0.0
    dev: false

  registry.npmmirror.com/levn/0.3.0:
    resolution: {integrity: sha512-0OO4y2iOHix2W6ujICbKIaEQXvFQHue65vUG3pb5EUomzPI90z9hsA1VsO/dbIIpC53J8gxM9Q4Oho0jrCM/yA==, registry: https://packages.aliyun.com/60c197272c5969c370c5fc9b/npm/npm-registry/, tarball: https://registry.npmmirror.com/levn/-/levn-0.3.0.tgz}
    name: levn
    version: 0.3.0
    engines: {node: '>= 0.8.0'}
    dependencies:
      prelude-ls: registry.npmmirror.com/prelude-ls/1.1.2
      type-check: registry.npmmirror.com/type-check/0.3.2
    dev: false

  registry.npmmirror.com/lodash/4.17.21:
    resolution: {integrity: sha512-v2kDEe57lecTulaDIuNTPy3Ry4gLGJ6Z1O3vE1krgXZNrsQ+LFTGHVxVjcXPs17LhbZVGedAJv8XZ1tvj5FvSg==, registry: https://packages.aliyun.com/60c197272c5969c370c5fc9b/npm/npm-registry/, tarball: https://registry.npmmirror.com/lodash/-/lodash-4.17.21.tgz}
    name: lodash
    version: 4.17.21
    dev: true

  registry.npmmirror.com/mime-db/1.52.0:
    resolution: {integrity: sha512-sPU4uV7dYlvtWJxwwxHD0PuihVNiE7TyAbQ5SWxDCB9mUYvOgroQOwYQQOKPJ8CIbE+1ETVlOoK1UC2nU3gYvg==, registry: https://packages.aliyun.com/60c197272c5969c370c5fc9b/npm/npm-registry/, tarball: https://registry.npmmirror.com/mime-db/-/mime-db-1.52.0.tgz}
    name: mime-db
    version: 1.52.0
    engines: {node: '>= 0.6'}
    dev: false

  registry.npmmirror.com/mime-types/2.1.35:
    resolution: {integrity: sha512-ZDY+bPm5zTTF+YpCrAU9nK0UgICYPT0QtT1NZWFv4s++TNkcgVaT0g6+4R2uI4MjQjzysHB1zxuWL50hzaeXiw==, registry: https://packages.aliyun.com/60c197272c5969c370c5fc9b/npm/npm-registry/, tarball: https://registry.npmmirror.com/mime-types/-/mime-types-2.1.35.tgz}
    name: mime-types
    version: 2.1.35
    engines: {node: '>= 0.6'}
    dependencies:
      mime-db: registry.npmmirror.com/mime-db/1.52.0
    dev: false

  registry.npmmirror.com/ms/2.1.2:
    resolution: {integrity: sha512-sGkPx+VjMtmA6MX27oA4FBFELFCZZ4S4XqeGOXCv68tT+jb3vk/RyaKWP0PTKyWtmLSM0b+adUTEvbs1PEaH2w==, registry: https://packages.aliyun.com/60c197272c5969c370c5fc9b/npm/npm-registry/, tarball: https://registry.npmmirror.com/ms/-/ms-2.1.2.tgz}
    name: ms
    version: 2.1.2
    dev: false

  registry.npmmirror.com/node-fetch/2.6.7:
    resolution: {integrity: sha512-ZjMPFEfVx5j+y2yF35Kzx5sF7kDzxuDj6ziH4FFbOp87zKDZNx8yExJIb05OGF4Nlt9IHFIMBkRl41VdvcNdbQ==, registry: https://packages.aliyun.com/60c197272c5969c370c5fc9b/npm/npm-registry/, tarball: https://registry.npmmirror.com/node-fetch/-/node-fetch-2.6.7.tgz}
    name: node-fetch
    version: 2.6.7
    engines: {node: 4.x || >=6.0.0}
    dependencies:
      whatwg-url: registry.npmmirror.com/whatwg-url/5.0.0
    dev: false

  registry.npmmirror.com/nwsapi/2.2.0:
    resolution: {integrity: sha512-h2AatdwYH+JHiZpv7pt/gSX1XoRGb7L/qSIeuqA6GwYoF9w1vP1cw42TO0aI2pNyshRK5893hNSl+1//vHK7hQ==, registry: https://packages.aliyun.com/60c197272c5969c370c5fc9b/npm/npm-registry/, tarball: https://registry.npmmirror.com/nwsapi/-/nwsapi-2.2.0.tgz}
    name: nwsapi
    version: 2.2.0
    dev: false

  registry.npmmirror.com/optionator/0.8.3:
    resolution: {integrity: sha512-+IW9pACdk3XWmmTXG8m3upGUJst5XRGzxMRjXzAuJ1XnIFNvfhjjIuYkDvysnPQ7qzqVzLt78BCruntqRhWQbA==, registry: https://packages.aliyun.com/60c197272c5969c370c5fc9b/npm/npm-registry/, tarball: https://registry.npmmirror.com/optionator/-/optionator-0.8.3.tgz}
    name: optionator
    version: 0.8.3
    engines: {node: '>= 0.8.0'}
    dependencies:
      deep-is: registry.npmmirror.com/deep-is/0.1.4
      fast-levenshtein: registry.npmmirror.com/fast-levenshtein/2.0.6
      levn: registry.npmmirror.com/levn/0.3.0
      prelude-ls: registry.npmmirror.com/prelude-ls/1.1.2
      type-check: registry.npmmirror.com/type-check/0.3.2
      word-wrap: registry.npmmirror.com/word-wrap/1.2.3
    dev: false

  registry.npmmirror.com/parse5/6.0.1:
    resolution: {integrity: sha512-Ofn/CTFzRGTTxwpNEs9PP93gXShHcTq255nzRYSKe8AkVpZY7e1fpmTfOyoIvjP5HG7Z2ZM7VS9PPhQGW2pOpw==, registry: https://packages.aliyun.com/60c197272c5969c370c5fc9b/npm/npm-registry/, tarball: https://registry.npmmirror.com/parse5/-/parse5-6.0.1.tgz}
    name: parse5
    version: 6.0.1
    dev: false

  registry.npmmirror.com/path-key/3.1.1:
    resolution: {integrity: sha512-ojmeN0qd+y0jszEtoY48r0Peq5dwMEkIlCOu6Q5f41lfkswXuKtYrhgoTpLnyIcHm24Uhqx+5Tqm2InSwLhE6Q==, registry: https://packages.aliyun.com/60c197272c5969c370c5fc9b/npm/npm-registry/, tarball: https://registry.npmmirror.com/path-key/-/path-key-3.1.1.tgz}
    name: path-key
    version: 3.1.1
    engines: {node: '>=8'}
    dev: true

  registry.npmmirror.com/pinyin-pro/3.8.3:
    resolution: {integrity: sha512-hH7EyQNhs9lx5KKKiJz1iIU19YxE2X1jB5qko3yHSCy439HRFI+0qonrRk8zccLdDg0R7utnrzurd6yqKDlhSg==, registry: https://packages.aliyun.com/60c197272c5969c370c5fc9b/npm/npm-registry/, tarball: https://registry.npmmirror.com/pinyin-pro/-/pinyin-pro-3.8.3.tgz}
    name: pinyin-pro
    version: 3.8.3
    dev: false

  registry.npmmirror.com/prelude-ls/1.1.2:
    resolution: {integrity: sha512-ESF23V4SKG6lVSGZgYNpbsiaAkdab6ZgOxe52p7+Kid3W3u3bxR4Vfd/o21dmN7jSt0IwgZ4v5MUd26FEtXE9w==, registry: https://packages.aliyun.com/60c197272c5969c370c5fc9b/npm/npm-registry/, tarball: https://registry.npmmirror.com/prelude-ls/-/prelude-ls-1.1.2.tgz}
    name: prelude-ls
    version: 1.1.2
    engines: {node: '>= 0.8.0'}
    dev: false

  registry.npmmirror.com/prettier/2.6.2:
    resolution: {integrity: sha512-PkUpF+qoXTqhOeWL9fu7As8LXsIUZ1WYaJiY/a7McAQzxjk82OF0tibkFXVCDImZtWxbvojFjerkiLb0/q8mew==, registry: https://packages.aliyun.com/60c197272c5969c370c5fc9b/npm/npm-registry/, tarball: https://registry.npmmirror.com/prettier/-/prettier-2.6.2.tgz}
    name: prettier
    version: 2.6.2
    engines: {node: '>=10.13.0'}
    hasBin: true
    dev: false

  registry.npmmirror.com/psl/1.8.0:
    resolution: {integrity: sha512-RIdOzyoavK+hA18OGGWDqUTsCLhtA7IcZ/6NCs4fFJaHBDab+pDDmDIByWFRQJq2Cd7r1OoQxBGKOaztq+hjIQ==, registry: https://packages.aliyun.com/60c197272c5969c370c5fc9b/npm/npm-registry/, tarball: https://registry.npmmirror.com/psl/-/psl-1.8.0.tgz}
    name: psl
    version: 1.8.0
    dev: false

  registry.npmmirror.com/punycode/2.1.1:
    resolution: {integrity: sha512-XRsRjdf+j5ml+y/6GKHPZbrF/8p2Yga0JPtdqTIY2Xe5ohJPD9saDJJLPvp9+NSBprVvevdXZybnj2cv8OEd0A==, registry: https://packages.aliyun.com/60c197272c5969c370c5fc9b/npm/npm-registry/, tarball: https://registry.npmmirror.com/punycode/-/punycode-2.1.1.tgz}
    name: punycode
    version: 2.1.1
    engines: {node: '>=6'}
    dev: false

  registry.npmmirror.com/safer-buffer/2.1.2:
    resolution: {integrity: sha512-YZo3K82SD7Riyi0E1EQPojLz7kpepnSQI9IyPbHHg1XXXevb5dJI7tpyN2ADxGcQbHG7vcyRHk0cbwqcQriUtg==, registry: https://packages.aliyun.com/60c197272c5969c370c5fc9b/npm/npm-registry/, tarball: https://registry.npmmirror.com/safer-buffer/-/safer-buffer-2.1.2.tgz}
    name: safer-buffer
    version: 2.1.2
    dev: false

  registry.npmmirror.com/saxes/5.0.1:
    resolution: {integrity: sha512-5LBh1Tls8c9xgGjw3QrMwETmTMVk0oFgvrFSvWx62llR2hcEInrKNZ2GZCCuuy2lvWrdl5jhbpeqc5hRYKFOcw==, registry: https://packages.aliyun.com/60c197272c5969c370c5fc9b/npm/npm-registry/, tarball: https://registry.npmmirror.com/saxes/-/saxes-5.0.1.tgz}
    name: saxes
    version: 5.0.1
    engines: {node: '>=10'}
    dependencies:
      xmlchars: registry.npmmirror.com/xmlchars/2.2.0
    dev: false

  registry.npmmirror.com/shebang-command/2.0.0:
    resolution: {integrity: sha512-kHxr2zZpYtdmrN1qDjrrX/Z1rR1kG8Dx+gkpK1G4eXmvXswmcE1hTWBWYUzlraYw1/yZp6YuDY77YtvbN0dmDA==, registry: https://packages.aliyun.com/60c197272c5969c370c5fc9b/npm/npm-registry/, tarball: https://registry.npmmirror.com/shebang-command/-/shebang-command-2.0.0.tgz}
    name: shebang-command
    version: 2.0.0
    engines: {node: '>=8'}
    dependencies:
      shebang-regex: registry.npmmirror.com/shebang-regex/3.0.0
    dev: true

  registry.npmmirror.com/shebang-regex/3.0.0:
    resolution: {integrity: sha512-7++dFhtcx3353uBaq8DDR4NuxBetBzC7ZQOhmTQInHEd6bSrXdiEyzCvG07Z44UYdLShWUyXt5M/yhz8ekcb1A==, registry: https://packages.aliyun.com/60c197272c5969c370c5fc9b/npm/npm-registry/, tarball: https://registry.npmmirror.com/shebang-regex/-/shebang-regex-3.0.0.tgz}
    name: shebang-regex
    version: 3.0.0
    engines: {node: '>=8'}
    dev: true

  registry.npmmirror.com/source-map/0.6.1:
    resolution: {integrity: sha512-UjgapumWlbMhkBgzT7Ykc5YXUT46F0iKu8SGXq0bcwP5dz/h0Plj6enJqjz1Zbq2l5WaqYnrVbwWOWMyF3F47g==, registry: https://packages.aliyun.com/60c197272c5969c370c5fc9b/npm/npm-registry/, tarball: https://registry.npmmirror.com/source-map/-/source-map-0.6.1.tgz}
    name: source-map
    version: 0.6.1
    engines: {node: '>=0.10.0'}
    requiresBuild: true
    dev: false
    optional: true

  registry.npmmirror.com/symbol-tree/3.2.4:
    resolution: {integrity: sha512-9QNk5KwDF+Bvz+PyObkmSYjI5ksVUYtjW7AU22r2NKcfLJcXp96hkDWU3+XndOsUb+AQ9QhfzfCT2O+CNWT5Tw==, registry: https://packages.aliyun.com/60c197272c5969c370c5fc9b/npm/npm-registry/, tarball: https://registry.npmmirror.com/symbol-tree/-/symbol-tree-3.2.4.tgz}
    name: symbol-tree
    version: 3.2.4
    dev: false

  registry.npmmirror.com/tencentcloud-sdk-nodejs/4.0.322:
    resolution: {integrity: sha512-qlysogKD5nauJ1kz/RDRC5+/Ps8+jwvWJ01ZsTp5BDyl3KzZKdgsHCjXGdEzrPZjGhGCDkokZneLBzfuW11Zlw==, registry: https://packages.aliyun.com/60c197272c5969c370c5fc9b/npm/npm-registry/, tarball: https://registry.npmmirror.com/tencentcloud-sdk-nodejs/-/tencentcloud-sdk-nodejs-4.0.322.tgz}
    name: tencentcloud-sdk-nodejs
    version: 4.0.322
    engines: {node: '>=10'}
    dependencies:
      form-data: registry.npmmirror.com/form-data/3.0.1
      get-stream: registry.npmmirror.com/get-stream/6.0.1
      https-proxy-agent: registry.npmmirror.com/https-proxy-agent/5.0.0
      is-stream: registry.npmmirror.com/is-stream/2.0.1
      node-fetch: registry.npmmirror.com/node-fetch/2.6.7
      tslib: registry.npmmirror.com/tslib/1.13.0
    dev: false

  registry.npmmirror.com/tough-cookie/4.0.0:
    resolution: {integrity: sha512-tHdtEpQCMrc1YLrMaqXXcj6AxhYi/xgit6mZu1+EDWUn+qhUf8wMQoFIy9NXuq23zAwtcB0t/MjACGR18pcRbg==, registry: https://packages.aliyun.com/60c197272c5969c370c5fc9b/npm/npm-registry/, tarball: https://registry.npmmirror.com/tough-cookie/-/tough-cookie-4.0.0.tgz}
    name: tough-cookie
    version: 4.0.0
    engines: {node: '>=6'}
    dependencies:
      psl: registry.npmmirror.com/psl/1.8.0
      punycode: registry.npmmirror.com/punycode/2.1.1
      universalify: registry.npmmirror.com/universalify/0.1.2
    dev: false

  registry.npmmirror.com/tr46/0.0.3:
    resolution: {integrity: sha512-N3WMsuqV66lT30CrXNbEjx4GEwlow3v6rr4mCcv6prnfwhS01rkgyFdjPNBYd9br7LpXV1+Emh01fHnq2Gdgrw==, registry: https://packages.aliyun.com/60c197272c5969c370c5fc9b/npm/npm-registry/, tarball: https://registry.npmmirror.com/tr46/-/tr46-0.0.3.tgz}
    name: tr46
    version: 0.0.3
    dev: false

  registry.npmmirror.com/tr46/2.1.0:
    resolution: {integrity: sha512-15Ih7phfcdP5YxqiB+iDtLoaTz4Nd35+IiAv0kQ5FNKHzXgdWqPoTIqEDDJmXceQt4JZk6lVPT8lnDlPpGDppw==, registry: https://packages.aliyun.com/60c197272c5969c370c5fc9b/npm/npm-registry/, tarball: https://registry.npmmirror.com/tr46/-/tr46-2.1.0.tgz}
    name: tr46
    version: 2.1.0
    engines: {node: '>=8'}
    dependencies:
      punycode: registry.npmmirror.com/punycode/2.1.1
    dev: false

  registry.npmmirror.com/tr46/3.0.0:
    resolution: {integrity: sha512-l7FvfAHlcmulp8kr+flpQZmVwtu7nfRV7NZujtN0OqES8EL4O4e0qqzL0DC5gAvx/ZC/9lk6rhcUwYvkBnBnYA==, registry: https://packages.aliyun.com/60c197272c5969c370c5fc9b/npm/npm-registry/, tarball: https://registry.npmmirror.com/tr46/-/tr46-3.0.0.tgz}
    name: tr46
    version: 3.0.0
    engines: {node: '>=12'}
    dependencies:
      punycode: registry.npmmirror.com/punycode/2.1.1
    dev: false

  registry.npmmirror.com/tslib/1.13.0:
    resolution: {integrity: sha512-i/6DQjL8Xf3be4K/E6Wgpekn5Qasl1usyw++dAA35Ue5orEn65VIxOA+YvNNl9HV3qv70T7CNwjODHZrLwvd1Q==, registry: https://packages.aliyun.com/60c197272c5969c370c5fc9b/npm/npm-registry/, tarball: https://registry.npmmirror.com/tslib/-/tslib-1.13.0.tgz}
    name: tslib
    version: 1.13.0
    dev: false

  registry.npmmirror.com/type-check/0.3.2:
    resolution: {integrity: sha512-ZCmOJdvOWDBYJlzAoFkC+Q0+bUyEOS1ltgp1MGU03fqHG+dbi9tBFU2Rd9QKiDZFAYrhPh2JUf7rZRIuHRKtOg==, registry: https://packages.aliyun.com/60c197272c5969c370c5fc9b/npm/npm-registry/, tarball: https://registry.npmmirror.com/type-check/-/type-check-0.3.2.tgz}
    name: type-check
    version: 0.3.2
    engines: {node: '>= 0.8.0'}
    dependencies:
      prelude-ls: registry.npmmirror.com/prelude-ls/1.1.2
    dev: false

  registry.npmmirror.com/universalify/0.1.2:
    resolution: {integrity: sha512-rBJeI5CXAlmy1pV+617WB9J63U6XcazHHF2f2dbJix4XzpUF0RS3Zbj0FGIOCAva5P/d/GBOYaACQ1w+0azUkg==, registry: https://packages.aliyun.com/60c197272c5969c370c5fc9b/npm/npm-registry/, tarball: https://registry.npmmirror.com/universalify/-/universalify-0.1.2.tgz}
    name: universalify
    version: 0.1.2
    engines: {node: '>= 4.0.0'}
    dev: false

  registry.npmmirror.com/w3c-hr-time/1.0.2:
    resolution: {integrity: sha512-z8P5DvDNjKDoFIHK7q8r8lackT6l+jo/Ye3HOle7l9nICP9lf1Ci25fy9vHd0JOWewkIFzXIEig3TdKT7JQ5fQ==, registry: https://packages.aliyun.com/60c197272c5969c370c5fc9b/npm/npm-registry/, tarball: https://registry.npmmirror.com/w3c-hr-time/-/w3c-hr-time-1.0.2.tgz}
    name: w3c-hr-time
    version: 1.0.2
    dependencies:
      browser-process-hrtime: registry.npmmirror.com/browser-process-hrtime/1.0.0
    dev: false

  registry.npmmirror.com/w3c-xmlserializer/2.0.0:
    resolution: {integrity: sha512-4tzD0mF8iSiMiNs30BiLO3EpfGLZUT2MSX/G+o7ZywDzliWQ3OPtTZ0PTC3B3ca1UAf4cJMHB+2Bf56EriJuRA==, registry: https://packages.aliyun.com/60c197272c5969c370c5fc9b/npm/npm-registry/, tarball: https://registry.npmmirror.com/w3c-xmlserializer/-/w3c-xmlserializer-2.0.0.tgz}
    name: w3c-xmlserializer
    version: 2.0.0
    engines: {node: '>=10'}
    dependencies:
      xml-name-validator: registry.npmmirror.com/xml-name-validator/3.0.0
    dev: false

  registry.npmmirror.com/webidl-conversions/3.0.1:
    resolution: {integrity: sha512-2JAn3z8AR6rjK8Sm8orRC0h/bcl/DqL7tRPdGZ4I1CjdF+EaMLmYxBHyXuKL849eucPFhvBoxMsflfOb8kxaeQ==, registry: https://packages.aliyun.com/60c197272c5969c370c5fc9b/npm/npm-registry/, tarball: https://registry.npmmirror.com/webidl-conversions/-/webidl-conversions-3.0.1.tgz}
    name: webidl-conversions
    version: 3.0.1
    dev: false

  registry.npmmirror.com/webidl-conversions/5.0.0:
    resolution: {integrity: sha512-VlZwKPCkYKxQgeSbH5EyngOmRp7Ww7I9rQLERETtf5ofd9pGeswWiOtogpEO850jziPRarreGxn5QIiTqpb2wA==, registry: https://packages.aliyun.com/60c197272c5969c370c5fc9b/npm/npm-registry/, tarball: https://registry.npmmirror.com/webidl-conversions/-/webidl-conversions-5.0.0.tgz}
    name: webidl-conversions
    version: 5.0.0
    engines: {node: '>=8'}
    dev: false

  registry.npmmirror.com/webidl-conversions/6.1.0:
    resolution: {integrity: sha512-qBIvFLGiBpLjfwmYAaHPXsn+ho5xZnGvyGvsarywGNc8VyQJUMHJ8OBKGGrPER0okBeMDaan4mNBlgBROxuI8w==, registry: https://packages.aliyun.com/60c197272c5969c370c5fc9b/npm/npm-registry/, tarball: https://registry.npmmirror.com/webidl-conversions/-/webidl-conversions-6.1.0.tgz}
    name: webidl-conversions
    version: 6.1.0
    engines: {node: '>=10.4'}
    dev: false

  registry.npmmirror.com/webidl-conversions/7.0.0:
    resolution: {integrity: sha512-VwddBukDzu71offAQR975unBIGqfKZpM+8ZX6ySk8nYhVoo5CYaZyzt3YBvYtRtO+aoGlqxPg/B87NGVZ/fu6g==, registry: https://packages.aliyun.com/60c197272c5969c370c5fc9b/npm/npm-registry/, tarball: https://registry.npmmirror.com/webidl-conversions/-/webidl-conversions-7.0.0.tgz}
    name: webidl-conversions
    version: 7.0.0
    engines: {node: '>=12'}
    dev: false

  registry.npmmirror.com/whatwg-encoding/1.0.5:
    resolution: {integrity: sha512-b5lim54JOPN9HtzvK9HFXvBma/rnfFeqsic0hSpjtDbVxR3dJKLc+KB4V6GgiGOvl7CY/KNh8rxSo9DKQrnUEw==, registry: https://packages.aliyun.com/60c197272c5969c370c5fc9b/npm/npm-registry/, tarball: https://registry.npmmirror.com/whatwg-encoding/-/whatwg-encoding-1.0.5.tgz}
    name: whatwg-encoding
    version: 1.0.5
    dependencies:
      iconv-lite: registry.npmmirror.com/iconv-lite/0.4.24
    dev: false

  registry.npmmirror.com/whatwg-mimetype/2.3.0:
    resolution: {integrity: sha512-M4yMwr6mAnQz76TbJm914+gPpB/nCwvZbJU28cUD6dR004SAxDLOOSUaB1JDRqLtaOV/vi0IC5lEAGFgrjGv/g==, registry: https://packages.aliyun.com/60c197272c5969c370c5fc9b/npm/npm-registry/, tarball: https://registry.npmmirror.com/whatwg-mimetype/-/whatwg-mimetype-2.3.0.tgz}
    name: whatwg-mimetype
    version: 2.3.0
    dev: false

  registry.npmmirror.com/whatwg-mimetype/3.0.0:
    resolution: {integrity: sha512-nt+N2dzIutVRxARx1nghPKGv1xHikU7HKdfafKkLNLindmPU/ch3U31NOCGGA/dmPcmb1VlofO0vnKAcsm0o/Q==, registry: https://packages.aliyun.com/60c197272c5969c370c5fc9b/npm/npm-registry/, tarball: https://registry.npmmirror.com/whatwg-mimetype/-/whatwg-mimetype-3.0.0.tgz}
    name: whatwg-mimetype
    version: 3.0.0
    engines: {node: '>=12'}
    dev: false

  registry.npmmirror.com/whatwg-url/10.0.0:
    resolution: {integrity: sha512-CLxxCmdUby142H5FZzn4D8ikO1cmypvXVQktsgosNy4a4BHrDHeciBBGZhb0bNoR5/MltoCatso+vFjjGx8t0w==, registry: https://packages.aliyun.com/60c197272c5969c370c5fc9b/npm/npm-registry/, tarball: https://registry.npmmirror.com/whatwg-url/-/whatwg-url-10.0.0.tgz}
    name: whatwg-url
    version: 10.0.0
    engines: {node: '>=12'}
    dependencies:
      tr46: registry.npmmirror.com/tr46/3.0.0
      webidl-conversions: registry.npmmirror.com/webidl-conversions/7.0.0
    dev: false

  registry.npmmirror.com/whatwg-url/5.0.0:
    resolution: {integrity: sha512-saE57nupxk6v3HY35+jzBwYa0rKSy0XR8JSxZPwgLr7ys0IBzhGviA1/TUGJLmSVqs8pb9AnvICXEuOHLprYTw==, registry: https://packages.aliyun.com/60c197272c5969c370c5fc9b/npm/npm-registry/, tarball: https://registry.npmmirror.com/whatwg-url/-/whatwg-url-5.0.0.tgz}
    name: whatwg-url
    version: 5.0.0
    dependencies:
      tr46: registry.npmmirror.com/tr46/0.0.3
      webidl-conversions: registry.npmmirror.com/webidl-conversions/3.0.1
    dev: false

  registry.npmmirror.com/whatwg-url/9.1.0:
    resolution: {integrity: sha512-CQ0UcrPHyomtlOCot1TL77WyMIm/bCwrJ2D6AOKGwEczU9EpyoqAokfqrf/MioU9kHcMsmJZcg1egXix2KYEsA==, registry: https://packages.aliyun.com/60c197272c5969c370c5fc9b/npm/npm-registry/, tarball: https://registry.npmmirror.com/whatwg-url/-/whatwg-url-9.1.0.tgz}
    name: whatwg-url
    version: 9.1.0
    engines: {node: '>=12'}
    dependencies:
      tr46: registry.npmmirror.com/tr46/2.1.0
      webidl-conversions: registry.npmmirror.com/webidl-conversions/6.1.0
    dev: false

  registry.npmmirror.com/which/2.0.2:
    resolution: {integrity: sha512-BLI3Tl1TW3Pvl70l3yq3Y64i+awpwXqsGBYWkkqMtnbXgrMD+yj7rhW0kuEDxzJaYXGjEW5ogapKNMEKNMjibA==, registry: https://packages.aliyun.com/60c197272c5969c370c5fc9b/npm/npm-registry/, tarball: https://registry.npmmirror.com/which/-/which-2.0.2.tgz}
    name: which
    version: 2.0.2
    engines: {node: '>= 8'}
    hasBin: true
    dependencies:
      isexe: registry.npmmirror.com/isexe/2.0.0
    dev: true

  registry.npmmirror.com/word-wrap/1.2.3:
    resolution: {integrity: sha512-Hz/mrNwitNRh/HUAtM/VT/5VH+ygD6DV7mYKZAtHOrbs8U7lvPS6xf7EJKMF0uW1KJCl0H701g3ZGus+muE5vQ==, registry: https://packages.aliyun.com/60c197272c5969c370c5fc9b/npm/npm-registry/, tarball: https://registry.npmmirror.com/word-wrap/-/word-wrap-1.2.3.tgz}
    name: word-wrap
    version: 1.2.3
    engines: {node: '>=0.10.0'}
    dev: false

  registry.npmmirror.com/ws/8.5.0:
    resolution: {integrity: sha512-BWX0SWVgLPzYwF8lTzEy1egjhS4S4OEAHfsO8o65WOVsrnSRGaSiUaa9e0ggGlkMTtBlmOpEXiie9RUcBO86qg==, registry: https://packages.aliyun.com/60c197272c5969c370c5fc9b/npm/npm-registry/, tarball: https://registry.npmmirror.com/ws/-/ws-8.5.0.tgz}
    name: ws
    version: 8.5.0
    engines: {node: '>=10.0.0'}
    dev: false

  registry.npmmirror.com/xml-name-validator/3.0.0:
    resolution: {integrity: sha512-A5CUptxDsvxKJEU3yO6DuWBSJz/qizqzJKOMIfUJHETbBw/sFaDxgd6fxm1ewUaM0jZ444Fc5vC5ROYurg/4Pw==, registry: https://packages.aliyun.com/60c197272c5969c370c5fc9b/npm/npm-registry/, tarball: https://registry.npmmirror.com/xml-name-validator/-/xml-name-validator-3.0.0.tgz}
    name: xml-name-validator
    version: 3.0.0
    dev: false

  registry.npmmirror.com/xmlchars/2.2.0:
    resolution: {integrity: sha512-JZnDKK8B0RCDw84FNdDAIpZK+JuJw+s7Lz8nksI7SIuU3UXJJslUthsi+uWBUYOwPFwW7W7PRLRfUKpxjtjFCw==, registry: https://packages.aliyun.com/60c197272c5969c370c5fc9b/npm/npm-registry/, tarball: https://registry.npmmirror.com/xmlchars/-/xmlchars-2.2.0.tgz}
    name: xmlchars
    version: 2.2.0
    dev: false
