# THIS IS AN AUTOGENERATED FILE. DO NOT EDIT THIS FILE DIRECTLY.
# yarn lockfile v1


"@tootallnate/once@1":
  version "1.1.2"
  resolved "https://registry.nlark.com/@tootallnate/once/download/@tootallnate/once-1.1.2.tgz#ccb91445360179a04e7fe6aff78c00ffc1eeaf82"
  integrity sha1-zLkURTYBeaBOf+av94wA/8Hur4I=

"@types/lodash@^4.14.173":
  version "4.14.173"
  resolved "https://registry.nlark.com/@types/lodash/download/@types/lodash-4.14.173.tgz#9d3b674c67a26cf673756f6aca7b429f237f91ed"
  integrity sha1-nTtnTGeibPZzdW9qyntCnyN/ke0=

"@types/node@^16.6.1":
  version "16.9.1"
  resolved "https://registry.nlark.com/@types/node/download/@types/node-16.9.1.tgz#0611b37db4246c937feef529ddcc018cf8e35708"
  integrity sha1-BhGzfbQkbJN/7vUp3cwBjPjjVwg=

abab@^2.0.3, abab@^2.0.5:
  version "2.0.5"
  resolved "https://registry.nlark.com/abab/download/abab-2.0.5.tgz#c0b678fb32d60fc1219c784d6a826fe385aeb79a"
  integrity sha1-wLZ4+zLWD8EhnHhNaoJv44Wut5o=

acorn-globals@^6.0.0:
  version "6.0.0"
  resolved "https://registry.nlark.com/acorn-globals/download/acorn-globals-6.0.0.tgz#46cdd39f0f8ff08a876619b55f5ac8a6dc770b45"
  integrity sha1-Rs3Tnw+P8IqHZhm1X1rIptx3C0U=
  dependencies:
    acorn "^7.1.1"
    acorn-walk "^7.1.1"

acorn-walk@^7.1.1:
  version "7.2.0"
  resolved "https://registry.nlark.com/acorn-walk/download/acorn-walk-7.2.0.tgz#0de889a601203909b0fbe07b8938dc21d2e967bc"
  integrity sha1-DeiJpgEgOQmw++B7iTjcIdLpZ7w=

acorn@^7.1.1:
  version "7.4.1"
  resolved "https://registry.nlark.com/acorn/download/acorn-7.4.1.tgz#feaed255973d2e77555b83dbc08851a6c63520fa"
  integrity sha1-/q7SVZc9LndVW4PbwIhRpsY1IPo=

acorn@^8.4.1:
  version "8.5.0"
  resolved "https://registry.nlark.com/acorn/download/acorn-8.5.0.tgz#4512ccb99b3698c752591e9bb4472e38ad43cee2"
  integrity sha1-RRLMuZs2mMdSWR6btEcuOK1DzuI=

agent-base@6:
  version "6.0.2"
  resolved "https://registry.nlark.com/agent-base/download/agent-base-6.0.2.tgz#49fff58577cfee3f37176feab4c22e00f86d7f77"
  integrity sha1-Sf/1hXfP7j83F2/qtMIuAPhtf3c=
  dependencies:
    debug "4"

asynckit@^0.4.0:
  version "0.4.0"
  resolved "https://registry.npm.taobao.org/asynckit/download/asynckit-0.4.0.tgz#c79ed97f7f34cb8f2ba1bc9790bcc366474b4b79"
  integrity sha1-x57Zf380y48robyXkLzDZkdLS3k=

axios@^0.21.4:
  version "0.21.4"
  resolved "https://registry.nlark.com/axios/download/axios-0.21.4.tgz#c67b90dc0568e5c1cf2b0b858c43ba28e2eda575"
  integrity sha1-xnuQ3AVo5cHPKwuFjEO6KOLtpXU=
  dependencies:
    follow-redirects "^1.14.0"

browser-process-hrtime@^1.0.0:
  version "1.0.0"
  resolved "https://registry.nlark.com/browser-process-hrtime/download/browser-process-hrtime-1.0.0.tgz?cache=0&sync_timestamp=1618847049949&other_urls=https%3A%2F%2Fregistry.nlark.com%2Fbrowser-process-hrtime%2Fdownload%2Fbrowser-process-hrtime-1.0.0.tgz#3c9b4b7d782c8121e56f10106d84c0d0ffc94626"
  integrity sha1-PJtLfXgsgSHlbxAQbYTA0P/JRiY=

combined-stream@^1.0.8:
  version "1.0.8"
  resolved "https://registry.nlark.com/combined-stream/download/combined-stream-1.0.8.tgz#c3d45a8b34fd730631a110a8a2520682b31d5a7f"
  integrity sha1-w9RaizT9cwYxoRCoolIGgrMdWn8=
  dependencies:
    delayed-stream "~1.0.0"

cross-env@^7.0.3:
  version "7.0.3"
  resolved "https://registry.nlark.com/cross-env/download/cross-env-7.0.3.tgz#865264b29677dc015ba8418918965dd232fc54cf"
  integrity sha1-hlJkspZ33AFbqEGJGJZd0jL8VM8=
  dependencies:
    cross-spawn "^7.0.1"

cross-spawn@^7.0.1:
  version "7.0.3"
  resolved "https://registry.nlark.com/cross-spawn/download/cross-spawn-7.0.3.tgz#f73a85b9d5d41d045551c177e2882d4ac85728a6"
  integrity sha1-9zqFudXUHQRVUcF34ogtSshXKKY=
  dependencies:
    path-key "^3.1.0"
    shebang-command "^2.0.0"
    which "^2.0.1"

cssom@^0.5.0:
  version "0.5.0"
  resolved "https://registry.nlark.com/cssom/download/cssom-0.5.0.tgz#d254fa92cd8b6fbd83811b9fbaed34663cc17c36"
  integrity sha1-0lT6ks2Lb72DgRufuu00ZjzBfDY=

cssom@~0.3.6:
  version "0.3.8"
  resolved "https://registry.nlark.com/cssom/download/cssom-0.3.8.tgz#9f1276f5b2b463f2114d3f2c75250af8c1a36f4a"
  integrity sha1-nxJ29bK0Y/IRTT8sdSUK+MGjb0o=

cssstyle@^2.3.0:
  version "2.3.0"
  resolved "https://registry.npm.taobao.org/cssstyle/download/cssstyle-2.3.0.tgz#ff665a0ddbdc31864b09647f34163443d90b0852"
  integrity sha1-/2ZaDdvcMYZLCWR/NBY0Q9kLCFI=
  dependencies:
    cssom "~0.3.6"

data-urls@^3.0.0:
  version "3.0.0"
  resolved "https://registry.nlark.com/data-urls/download/data-urls-3.0.0.tgz?cache=0&sync_timestamp=1626722876103&other_urls=https%3A%2F%2Fregistry.nlark.com%2Fdata-urls%2Fdownload%2Fdata-urls-3.0.0.tgz#3ff551c986d7c6234a0ac4bbf20a269e1cd6b378"
  integrity sha1-P/VRyYbXxiNKCsS78gomnhzWs3g=
  dependencies:
    abab "^2.0.3"
    whatwg-mimetype "^2.3.0"
    whatwg-url "^9.0.0"

debug@4:
  version "4.3.2"
  resolved "https://registry.nlark.com/debug/download/debug-4.3.2.tgz#f0a49c18ac8779e31d4a0c6029dfb76873c7428b"
  integrity sha1-8KScGKyHeeMdSgxgKd+3aHPHQos=
  dependencies:
    ms "2.1.2"

decimal.js@^10.3.1:
  version "10.3.1"
  resolved "https://registry.nlark.com/decimal.js/download/decimal.js-10.3.1.tgz#d8c3a444a9c6774ba60ca6ad7261c3a94fd5e783"
  integrity sha1-2MOkRKnGd0umDKatcmHDqU/V54M=

deep-is@~0.1.3:
  version "0.1.4"
  resolved "https://registry.nlark.com/deep-is/download/deep-is-0.1.4.tgz#a6f2dce612fadd2ef1f519b73551f17e85199831"
  integrity sha1-pvLc5hL63S7x9Rm3NVHxfoUZmDE=

delayed-stream@~1.0.0:
  version "1.0.0"
  resolved "https://registry.npm.taobao.org/delayed-stream/download/delayed-stream-1.0.0.tgz#df3ae199acadfb7d440aaae0b29e2272b24ec619"
  integrity sha1-3zrhmayt+31ECqrgsp4icrJOxhk=

domexception@^2.0.1:
  version "2.0.1"
  resolved "https://registry.nlark.com/domexception/download/domexception-2.0.1.tgz#fb44aefba793e1574b0af6aed2801d057529f304"
  integrity sha1-+0Su+6eT4VdLCvau0oAdBXUp8wQ=
  dependencies:
    webidl-conversions "^5.0.0"

escodegen@^2.0.0:
  version "2.0.0"
  resolved "https://registry.npm.taobao.org/escodegen/download/escodegen-2.0.0.tgz#5e32b12833e8aa8fa35e1bf0befa89380484c7dd"
  integrity sha1-XjKxKDPoqo+jXhvwvvqJOASEx90=
  dependencies:
    esprima "^4.0.1"
    estraverse "^5.2.0"
    esutils "^2.0.2"
    optionator "^0.8.1"
  optionalDependencies:
    source-map "~0.6.1"

esprima@^4.0.1:
  version "4.0.1"
  resolved "https://registry.nlark.com/esprima/download/esprima-4.0.1.tgz#13b04cdb3e6c5d19df91ab6987a8695619b0aa71"
  integrity sha1-E7BM2z5sXRnfkatph6hpVhmwqnE=

estraverse@^5.2.0:
  version "5.2.0"
  resolved "https://registry.npm.taobao.org/estraverse/download/estraverse-5.2.0.tgz#307df42547e6cc7324d3cf03c155d5cdb8c53880"
  integrity sha1-MH30JUfmzHMk088DwVXVzbjFOIA=

esutils@^2.0.2:
  version "2.0.3"
  resolved "https://registry.nlark.com/esutils/download/esutils-2.0.3.tgz#74d2eb4de0b8da1293711910d50775b9b710ef64"
  integrity sha1-dNLrTeC42hKTcRkQ1Qd1ubcQ72Q=

fast-levenshtein@~2.0.6:
  version "2.0.6"
  resolved "https://registry.nlark.com/fast-levenshtein/download/fast-levenshtein-2.0.6.tgz#3d8a5c66883a16a30ca8643e851f19baa7797917"
  integrity sha1-PYpcZog6FqMMqGQ+hR8Zuqd5eRc=

follow-redirects@^1.14.0:
  version "1.14.4"
  resolved "https://registry.nlark.com/follow-redirects/download/follow-redirects-1.14.4.tgz?cache=0&sync_timestamp=1631622163078&other_urls=https%3A%2F%2Fregistry.nlark.com%2Ffollow-redirects%2Fdownload%2Ffollow-redirects-1.14.4.tgz#838fdf48a8bbdd79e52ee51fb1c94e3ed98b9379"
  integrity sha1-g4/fSKi73XnlLuUfsclOPtmLk3k=

form-data@^3.0.0:
  version "3.0.1"
  resolved "https://registry.npm.taobao.org/form-data/download/form-data-3.0.1.tgz#ebd53791b78356a99af9a300d4282c4d5eb9755f"
  integrity sha1-69U3kbeDVqma+aMA1CgsTV65dV8=
  dependencies:
    asynckit "^0.4.0"
    combined-stream "^1.0.8"
    mime-types "^2.1.12"

form-data@^4.0.0:
  version "4.0.0"
  resolved "https://registry.npm.taobao.org/form-data/download/form-data-4.0.0.tgz#93919daeaf361ee529584b9b31664dc12c9fa452"
  integrity sha1-k5Gdrq82HuUpWEubMWZNwSyfpFI=
  dependencies:
    asynckit "^0.4.0"
    combined-stream "^1.0.8"
    mime-types "^2.1.12"

get-stream@^6.0.0:
  version "6.0.1"
  resolved "https://registry.npm.taobao.org/get-stream/download/get-stream-6.0.1.tgz#a262d8eef67aced57c2852ad6167526a43cbf7b7"
  integrity sha1-omLY7vZ6ztV8KFKtYWdSakPL97c=

html-encoding-sniffer@^2.0.1:
  version "2.0.1"
  resolved "https://registry.nlark.com/html-encoding-sniffer/download/html-encoding-sniffer-2.0.1.tgz#42a6dc4fd33f00281176e8b23759ca4e4fa185f3"
  integrity sha1-QqbcT9M/ACgRduiyN1nKTk+hhfM=
  dependencies:
    whatwg-encoding "^1.0.5"

http-proxy-agent@^4.0.1:
  version "4.0.1"
  resolved "https://registry.nlark.com/http-proxy-agent/download/http-proxy-agent-4.0.1.tgz#8a8c8ef7f5932ccf953c296ca8291b95aa74aa3a"
  integrity sha1-ioyO9/WTLM+VPClsqCkblap0qjo=
  dependencies:
    "@tootallnate/once" "1"
    agent-base "6"
    debug "4"

https-proxy-agent@^5.0.0:
  version "5.0.0"
  resolved "https://registry.nlark.com/https-proxy-agent/download/https-proxy-agent-5.0.0.tgz#e2a90542abb68a762e0a0850f6c9edadfd8506b2"
  integrity sha1-4qkFQqu2inYuCghQ9sntrf2FBrI=
  dependencies:
    agent-base "6"
    debug "4"

iconv-lite@0.4.24:
  version "0.4.24"
  resolved "https://registry.nlark.com/iconv-lite/download/iconv-lite-0.4.24.tgz#2022b4b25fbddc21d2f524974a474aafe733908b"
  integrity sha1-ICK0sl+93CHS9SSXSkdKr+czkIs=
  dependencies:
    safer-buffer ">= 2.1.2 < 3"

is-potential-custom-element-name@^1.0.1:
  version "1.0.1"
  resolved "https://registry.npm.taobao.org/is-potential-custom-element-name/download/is-potential-custom-element-name-1.0.1.tgz#171ed6f19e3ac554394edf78caa05784a45bebb5"
  integrity sha1-Fx7W8Z46xVQ5Tt94yqBXhKRb67U=

is-stream@^2.0.0:
  version "2.0.1"
  resolved "https://registry.nlark.com/is-stream/download/is-stream-2.0.1.tgz#fac1e3d53b97ad5a9d0ae9cef2389f5810a5c077"
  integrity sha1-+sHj1TuXrVqdCunO8jifWBClwHc=

isexe@^2.0.0:
  version "2.0.0"
  resolved "https://registry.npm.taobao.org/isexe/download/isexe-2.0.0.tgz#e8fbf374dc556ff8947a10dcb0572d633f2cfa10"
  integrity sha1-6PvzdNxVb/iUehDcsFctYz8s+hA=

jsdom@^17.0.0:
  version "17.0.0"
  resolved "https://registry.nlark.com/jsdom/download/jsdom-17.0.0.tgz#3ec82d1d30030649c8defedc45fff6aa3e5d06ae"
  integrity sha1-PsgtHTADBknI3v7cRf/2qj5dBq4=
  dependencies:
    abab "^2.0.5"
    acorn "^8.4.1"
    acorn-globals "^6.0.0"
    cssom "^0.5.0"
    cssstyle "^2.3.0"
    data-urls "^3.0.0"
    decimal.js "^10.3.1"
    domexception "^2.0.1"
    escodegen "^2.0.0"
    form-data "^4.0.0"
    html-encoding-sniffer "^2.0.1"
    http-proxy-agent "^4.0.1"
    https-proxy-agent "^5.0.0"
    is-potential-custom-element-name "^1.0.1"
    nwsapi "^2.2.0"
    parse5 "6.0.1"
    saxes "^5.0.1"
    symbol-tree "^3.2.4"
    tough-cookie "^4.0.0"
    w3c-hr-time "^1.0.2"
    w3c-xmlserializer "^2.0.0"
    webidl-conversions "^6.1.0"
    whatwg-encoding "^1.0.5"
    whatwg-mimetype "^2.3.0"
    whatwg-url "^9.0.0"
    ws "^8.0.0"
    xml-name-validator "^3.0.0"

levn@~0.3.0:
  version "0.3.0"
  resolved "https://registry.npm.taobao.org/levn/download/levn-0.3.0.tgz#3b09924edf9f083c0490fdd4c0bc4421e04764ee"
  integrity sha1-OwmSTt+fCDwEkP3UwLxEIeBHZO4=
  dependencies:
    prelude-ls "~1.1.2"
    type-check "~0.3.2"

lodash@^4.17.21:
  version "4.17.21"
  resolved "https://registry.nlark.com/lodash/download/lodash-4.17.21.tgz?cache=0&sync_timestamp=1624543041613&other_urls=https%3A%2F%2Fregistry.nlark.com%2Flodash%2Fdownload%2Flodash-4.17.21.tgz#679591c564c3bffaae8454cf0b3df370c3d6911c"
  integrity sha1-Z5WRxWTDv/quhFTPCz3zcMPWkRw=

mime-db@1.49.0:
  version "1.49.0"
  resolved "https://registry.nlark.com/mime-db/download/mime-db-1.49.0.tgz#f3dfde60c99e9cf3bc9701d687778f537001cbed"
  integrity sha1-89/eYMmenPO8lwHWh3ePU3ABy+0=

mime-types@^2.1.12:
  version "2.1.32"
  resolved "https://registry.nlark.com/mime-types/download/mime-types-2.1.32.tgz?cache=0&sync_timestamp=1627407652875&other_urls=https%3A%2F%2Fregistry.nlark.com%2Fmime-types%2Fdownload%2Fmime-types-2.1.32.tgz#1d00e89e7de7fe02008db61001d9e02852670fd5"
  integrity sha1-HQDonn3n/gIAjbYQAdngKFJnD9U=
  dependencies:
    mime-db "1.49.0"

ms@2.1.2:
  version "2.1.2"
  resolved "https://registry.nlark.com/ms/download/ms-2.1.2.tgz#d09d1f357b443f493382a8eb3ccd183872ae6009"
  integrity sha1-0J0fNXtEP0kzgqjrPM0YOHKuYAk=

node-fetch@^2.2.0:
  version "2.6.2"
  resolved "https://registry.nlark.com/node-fetch/download/node-fetch-2.6.2.tgz?cache=0&sync_timestamp=1630934725619&other_urls=https%3A%2F%2Fregistry.nlark.com%2Fnode-fetch%2Fdownload%2Fnode-fetch-2.6.2.tgz#986996818b73785e47b1965cc34eb093a1d464d0"
  integrity sha1-mGmWgYtzeF5HsZZcw06wk6HUZNA=

nwsapi@^2.2.0:
  version "2.2.0"
  resolved "https://registry.nlark.com/nwsapi/download/nwsapi-2.2.0.tgz#204879a9e3d068ff2a55139c2c772780681a38b7"
  integrity sha1-IEh5qePQaP8qVROcLHcngGgaOLc=

optionator@^0.8.1:
  version "0.8.3"
  resolved "https://registry.nlark.com/optionator/download/optionator-0.8.3.tgz#84fa1d036fe9d3c7e21d99884b601167ec8fb495"
  integrity sha1-hPodA2/p08fiHZmIS2ARZ+yPtJU=
  dependencies:
    deep-is "~0.1.3"
    fast-levenshtein "~2.0.6"
    levn "~0.3.0"
    prelude-ls "~1.1.2"
    type-check "~0.3.2"
    word-wrap "~1.2.3"

parse5@6.0.1:
  version "6.0.1"
  resolved "https://registry.nlark.com/parse5/download/parse5-6.0.1.tgz#e1a1c085c569b3dc08321184f19a39cc27f7c30b"
  integrity sha1-4aHAhcVps9wIMhGE8Zo5zCf3wws=

path-key@^3.1.0:
  version "3.1.1"
  resolved "https://registry.npm.taobao.org/path-key/download/path-key-3.1.1.tgz?cache=0&sync_timestamp=1617971695678&other_urls=https%3A%2F%2Fregistry.npm.taobao.org%2Fpath-key%2Fdownload%2Fpath-key-3.1.1.tgz#581f6ade658cbba65a0d3380de7753295054f375"
  integrity sha1-WB9q3mWMu6ZaDTOA3ndTKVBU83U=

pinyin-pro@^3.3.1:
  version "3.3.1"
  resolved "https://registry.nlark.com/pinyin-pro/download/pinyin-pro-3.3.1.tgz#c8582b258e398e68b5275c984b94f5c154e075dd"
  integrity sha1-yFgrJY45jmi1J1yYS5T1wVTgdd0=

prelude-ls@~1.1.2:
  version "1.1.2"
  resolved "https://registry.nlark.com/prelude-ls/download/prelude-ls-1.1.2.tgz#21932a549f5e52ffd9a827f570e04be62a97da54"
  integrity sha1-IZMqVJ9eUv/ZqCf1cOBL5iqX2lQ=

prettier@^2.3.2:
  version "2.4.1"
  resolved "https://registry.nlark.com/prettier/download/prettier-2.4.1.tgz#671e11c89c14a4cfc876ce564106c4a6726c9f5c"
  integrity sha1-Zx4RyJwUpM/Ids5WQQbEpnJsn1w=

psl@^1.1.33:
  version "1.8.0"
  resolved "https://registry.npm.taobao.org/psl/download/psl-1.8.0.tgz#9326f8bcfb013adcc005fdff056acce020e51c24"
  integrity sha1-kyb4vPsBOtzABf3/BWrM4CDlHCQ=

punycode@^2.1.1:
  version "2.1.1"
  resolved "https://registry.nlark.com/punycode/download/punycode-2.1.1.tgz?cache=0&sync_timestamp=1622604519710&other_urls=https%3A%2F%2Fregistry.nlark.com%2Fpunycode%2Fdownload%2Fpunycode-2.1.1.tgz#b58b010ac40c22c5657616c8d2c2c02c7bf479ec"
  integrity sha1-tYsBCsQMIsVldhbI0sLALHv0eew=

"safer-buffer@>= 2.1.2 < 3":
  version "2.1.2"
  resolved "https://registry.nlark.com/safer-buffer/download/safer-buffer-2.1.2.tgz#44fa161b0187b9549dd84bb91802f9bd8385cd6a"
  integrity sha1-RPoWGwGHuVSd2Eu5GAL5vYOFzWo=

saxes@^5.0.1:
  version "5.0.1"
  resolved "https://registry.npm.taobao.org/saxes/download/saxes-5.0.1.tgz#eebab953fa3b7608dbe94e5dadb15c888fa6696d"
  integrity sha1-7rq5U/o7dgjb6U5drbFciI+maW0=
  dependencies:
    xmlchars "^2.2.0"

shebang-command@^2.0.0:
  version "2.0.0"
  resolved "https://registry.nlark.com/shebang-command/download/shebang-command-2.0.0.tgz#ccd0af4f8835fbdc265b82461aaf0c36663f34ea"
  integrity sha1-zNCvT4g1+9wmW4JGGq8MNmY/NOo=
  dependencies:
    shebang-regex "^3.0.0"

shebang-regex@^3.0.0:
  version "3.0.0"
  resolved "https://registry.nlark.com/shebang-regex/download/shebang-regex-3.0.0.tgz?cache=0&sync_timestamp=1628896299850&other_urls=https%3A%2F%2Fregistry.nlark.com%2Fshebang-regex%2Fdownload%2Fshebang-regex-3.0.0.tgz#ae16f1644d873ecad843b0307b143362d4c42172"
  integrity sha1-rhbxZE2HPsrYQ7AwexQzYtTEIXI=

source-map@~0.6.1:
  version "0.6.1"
  resolved "https://registry.nlark.com/source-map/download/source-map-0.6.1.tgz#74722af32e9614e9c287a8d0bbde48b5e2f1a263"
  integrity sha1-dHIq8y6WFOnCh6jQu95IteLxomM=

symbol-tree@^3.2.4:
  version "3.2.4"
  resolved "https://registry.npm.taobao.org/symbol-tree/download/symbol-tree-3.2.4.tgz#430637d248ba77e078883951fb9aa0eed7c63fa2"
  integrity sha1-QwY30ki6d+B4iDlR+5qg7tfGP6I=

tencentcloud-sdk-nodejs@^4.0.183:
  version "4.0.203"
  resolved "https://registry.nlark.com/tencentcloud-sdk-nodejs/download/tencentcloud-sdk-nodejs-4.0.203.tgz#0fe77106c3aaf27d2aae43359cff1d6012bf3c03"
  integrity sha1-D+dxBsOq8n0qrkM1nP8dYBK/PAM=
  dependencies:
    form-data "^3.0.0"
    get-stream "^6.0.0"
    https-proxy-agent "^5.0.0"
    is-stream "^2.0.0"
    node-fetch "^2.2.0"
    tslib "1.13.0"

tough-cookie@^4.0.0:
  version "4.0.0"
  resolved "https://registry.npm.taobao.org/tough-cookie/download/tough-cookie-4.0.0.tgz#d822234eeca882f991f0f908824ad2622ddbece4"
  integrity sha1-2CIjTuyogvmR8PkIgkrSYi3b7OQ=
  dependencies:
    psl "^1.1.33"
    punycode "^2.1.1"
    universalify "^0.1.2"

tr46@^2.1.0:
  version "2.1.0"
  resolved "https://registry.nlark.com/tr46/download/tr46-2.1.0.tgz?cache=0&sync_timestamp=1621678122275&other_urls=https%3A%2F%2Fregistry.nlark.com%2Ftr46%2Fdownload%2Ftr46-2.1.0.tgz#fa87aa81ca5d5941da8cbf1f9b749dc969a4e240"
  integrity sha1-+oeqgcpdWUHajL8fm3SdyWmk4kA=
  dependencies:
    punycode "^2.1.1"

tslib@1.13.0:
  version "1.13.0"
  resolved "https://registry.nlark.com/tslib/download/tslib-1.13.0.tgz?cache=0&sync_timestamp=1628722556410&other_urls=https%3A%2F%2Fregistry.nlark.com%2Ftslib%2Fdownload%2Ftslib-1.13.0.tgz#c881e13cc7015894ed914862d276436fa9a47043"
  integrity sha1-yIHhPMcBWJTtkUhi0nZDb6mkcEM=

type-check@~0.3.2:
  version "0.3.2"
  resolved "https://registry.npm.taobao.org/type-check/download/type-check-0.3.2.tgz#5884cab512cf1d355e3fb784f30804b2b520db72"
  integrity sha1-WITKtRLPHTVeP7eE8wgEsrUg23I=
  dependencies:
    prelude-ls "~1.1.2"

universalify@^0.1.2:
  version "0.1.2"
  resolved "https://registry.nlark.com/universalify/download/universalify-0.1.2.tgz#b646f69be3942dabcecc9d6639c80dc105efaa66"
  integrity sha1-tkb2m+OULavOzJ1mOcgNwQXvqmY=

w3c-hr-time@^1.0.2:
  version "1.0.2"
  resolved "https://registry.nlark.com/w3c-hr-time/download/w3c-hr-time-1.0.2.tgz#0a89cdf5cc15822df9c360543676963e0cc308cd"
  integrity sha1-ConN9cwVgi35w2BUNnaWPgzDCM0=
  dependencies:
    browser-process-hrtime "^1.0.0"

w3c-xmlserializer@^2.0.0:
  version "2.0.0"
  resolved "https://registry.npm.taobao.org/w3c-xmlserializer/download/w3c-xmlserializer-2.0.0.tgz#3e7104a05b75146cc60f564380b7f683acf1020a"
  integrity sha1-PnEEoFt1FGzGD1ZDgLf2g6zxAgo=
  dependencies:
    xml-name-validator "^3.0.0"

webidl-conversions@^5.0.0:
  version "5.0.0"
  resolved "https://registry.nlark.com/webidl-conversions/download/webidl-conversions-5.0.0.tgz#ae59c8a00b121543a2acc65c0434f57b0fc11aff"
  integrity sha1-rlnIoAsSFUOirMZcBDT1ew/BGv8=

webidl-conversions@^6.1.0:
  version "6.1.0"
  resolved "https://registry.nlark.com/webidl-conversions/download/webidl-conversions-6.1.0.tgz#9111b4d7ea80acd40f5270d666621afa78b69514"
  integrity sha1-kRG01+qArNQPUnDWZmIa+ni2lRQ=

whatwg-encoding@^1.0.5:
  version "1.0.5"
  resolved "https://registry.nlark.com/whatwg-encoding/download/whatwg-encoding-1.0.5.tgz#5abacf777c32166a51d085d6b4f3e7d27113ddb0"
  integrity sha1-WrrPd3wyFmpR0IXWtPPn0nET3bA=
  dependencies:
    iconv-lite "0.4.24"

whatwg-mimetype@^2.3.0:
  version "2.3.0"
  resolved "https://registry.npm.taobao.org/whatwg-mimetype/download/whatwg-mimetype-2.3.0.tgz#3d4b1e0312d2079879f826aff18dbeeca5960fbf"
  integrity sha1-PUseAxLSB5h5+Cav8Y2+7KWWD78=

whatwg-url@^9.0.0:
  version "9.1.0"
  resolved "https://registry.nlark.com/whatwg-url/download/whatwg-url-9.1.0.tgz?cache=0&other_urls=https%3A%2F%2Fregistry.nlark.com%2Fwhatwg-url%2Fdownload%2Fwhatwg-url-9.1.0.tgz#1b112cf237d72cd64fa7882b9c3f6234a1c3050d"
  integrity sha1-GxEs8jfXLNZPp4grnD9iNKHDBQ0=
  dependencies:
    tr46 "^2.1.0"
    webidl-conversions "^6.1.0"

which@^2.0.1:
  version "2.0.2"
  resolved "https://registry.nlark.com/which/download/which-2.0.2.tgz#7c6a8dd0a636a0327e10b59c9286eee93f3f51b1"
  integrity sha1-fGqN0KY2oDJ+ELWckobu6T8/UbE=
  dependencies:
    isexe "^2.0.0"

word-wrap@~1.2.3:
  version "1.2.3"
  resolved "https://registry.nlark.com/word-wrap/download/word-wrap-1.2.3.tgz#610636f6b1f703891bd34771ccb17fb93b47079c"
  integrity sha1-YQY29rH3A4kb00dxzLF/uTtHB5w=

ws@^8.0.0:
  version "8.2.2"
  resolved "https://registry.nlark.com/ws/download/ws-8.2.2.tgz?cache=0&sync_timestamp=1631130711705&other_urls=https%3A%2F%2Fregistry.nlark.com%2Fws%2Fdownload%2Fws-8.2.2.tgz#ca684330c6dd6076a737250ed81ac1606cb0a63e"
  integrity sha1-ymhDMMbdYHanNyUO2BrBYGywpj4=

xml-name-validator@^3.0.0:
  version "3.0.0"
  resolved "https://registry.npm.taobao.org/xml-name-validator/download/xml-name-validator-3.0.0.tgz#6ae73e06de4d8c6e47f9fb181f78d648ad457c6a"
  integrity sha1-auc+Bt5NjG5H+fsYH3jWSK1FfGo=

xmlchars@^2.2.0:
  version "2.2.0"
  resolved "https://registry.npm.taobao.org/xmlchars/download/xmlchars-2.2.0.tgz#060fe1bcb7f9c76fe2a17db86a9bc3ab894210cb"
  integrity sha1-Bg/hvLf5x2/ioX24apvDq4lCEMs=
