# THIS IS AN AUTOGENERATED FILE. DO NOT EDIT THIS FILE DIRECTLY.
# yarn lockfile v1


"@babel/code-frame@^7.0.0", "@babel/code-frame@^7.14.5":
  version "7.14.5"
  resolved "https://registry.nlark.com/@babel/code-frame/download/@babel/code-frame-7.14.5.tgz?cache=0&sync_timestamp=1623280394200&other_urls=https%3A%2F%2Fregistry.nlark.com%2F%40babel%2Fcode-frame%2Fdownload%2F%40babel%2Fcode-frame-7.14.5.tgz#23b08d740e83f49c5e59945fbf1b43e80bbf4edb"
  integrity sha1-I7CNdA6D9JxeWZRfvxtD6Au/Tts=
  dependencies:
    "@babel/highlight" "^7.14.5"

"@babel/generator@^7.15.0":
  version "7.15.0"
  resolved "https://registry.nlark.com/@babel/generator/download/@babel/generator-7.15.0.tgz#a7d0c172e0d814974bad5aa77ace543b97917f15"
  integrity sha1-p9DBcuDYFJdLrVqnes5UO5eRfxU=
  dependencies:
    "@babel/types" "^7.15.0"
    jsesc "^2.5.1"
    source-map "^0.5.0"

"@babel/helper-function-name@^7.14.5":
  version "7.14.5"
  resolved "https://registry.nlark.com/@babel/helper-function-name/download/@babel/helper-function-name-7.14.5.tgz?cache=0&sync_timestamp=1623280385237&other_urls=https%3A%2F%2Fregistry.nlark.com%2F%40babel%2Fhelper-function-name%2Fdownload%2F%40babel%2Fhelper-function-name-7.14.5.tgz#89e2c474972f15d8e233b52ee8c480e2cfcd50c4"
  integrity sha1-ieLEdJcvFdjiM7Uu6MSA4s/NUMQ=
  dependencies:
    "@babel/helper-get-function-arity" "^7.14.5"
    "@babel/template" "^7.14.5"
    "@babel/types" "^7.14.5"

"@babel/helper-get-function-arity@^7.14.5":
  version "7.14.5"
  resolved "https://registry.nlark.com/@babel/helper-get-function-arity/download/@babel/helper-get-function-arity-7.14.5.tgz#25fbfa579b0937eee1f3b805ece4ce398c431815"
  integrity sha1-Jfv6V5sJN+7h87gF7OTOOYxDGBU=
  dependencies:
    "@babel/types" "^7.14.5"

"@babel/helper-hoist-variables@^7.14.5":
  version "7.14.5"
  resolved "https://registry.nlark.com/@babel/helper-hoist-variables/download/@babel/helper-hoist-variables-7.14.5.tgz?cache=0&sync_timestamp=1623280361512&other_urls=https%3A%2F%2Fregistry.nlark.com%2F%40babel%2Fhelper-hoist-variables%2Fdownload%2F%40babel%2Fhelper-hoist-variables-7.14.5.tgz#e0dd27c33a78e577d7c8884916a3e7ef1f7c7f8d"
  integrity sha1-4N0nwzp45XfXyIhJFqPn7x98f40=
  dependencies:
    "@babel/types" "^7.14.5"

"@babel/helper-split-export-declaration@^7.14.5":
  version "7.14.5"
  resolved "https://registry.nlark.com/@babel/helper-split-export-declaration/download/@babel/helper-split-export-declaration-7.14.5.tgz?cache=0&sync_timestamp=1623280365934&other_urls=https%3A%2F%2Fregistry.nlark.com%2F%40babel%2Fhelper-split-export-declaration%2Fdownload%2F%40babel%2Fhelper-split-export-declaration-7.14.5.tgz#22b23a54ef51c2b7605d851930c1976dd0bc693a"
  integrity sha1-IrI6VO9RwrdgXYUZMMGXbdC8aTo=
  dependencies:
    "@babel/types" "^7.14.5"

"@babel/helper-validator-identifier@^7.14.5", "@babel/helper-validator-identifier@^7.14.9":
  version "7.14.9"
  resolved "https://registry.nlark.com/@babel/helper-validator-identifier/download/@babel/helper-validator-identifier-7.14.9.tgz?cache=0&sync_timestamp=1627804430461&other_urls=https%3A%2F%2Fregistry.nlark.com%2F%40babel%2Fhelper-validator-identifier%2Fdownload%2F%40babel%2Fhelper-validator-identifier-7.14.9.tgz#6654d171b2024f6d8ee151bf2509699919131d48"
  integrity sha1-ZlTRcbICT22O4VG/JQlpmRkTHUg=

"@babel/highlight@^7.14.5":
  version "7.14.5"
  resolved "https://registry.nlark.com/@babel/highlight/download/@babel/highlight-7.14.5.tgz?cache=0&sync_timestamp=1623280393681&other_urls=https%3A%2F%2Fregistry.nlark.com%2F%40babel%2Fhighlight%2Fdownload%2F%40babel%2Fhighlight-7.14.5.tgz#6861a52f03966405001f6aa534a01a24d99e8cd9"
  integrity sha1-aGGlLwOWZAUAH2qlNKAaJNmejNk=
  dependencies:
    "@babel/helper-validator-identifier" "^7.14.5"
    chalk "^2.0.0"
    js-tokens "^4.0.0"

"@babel/parser@^7.14.5", "@babel/parser@^7.15.0", "@babel/parser@^7.7.0":
  version "7.15.3"
  resolved "https://registry.nlark.com/@babel/parser/download/@babel/parser-7.15.3.tgz?cache=0&other_urls=https%3A%2F%2Fregistry.nlark.com%2F%40babel%2Fparser%2Fdownload%2F%40babel%2Fparser-7.15.3.tgz#3416d9bea748052cfcb63dbcc27368105b1ed862"
  integrity sha1-NBbZvqdIBSz8tj28wnNoEFse2GI=

"@babel/template@^7.14.5":
  version "7.14.5"
  resolved "https://registry.nlark.com/@babel/template/download/@babel/template-7.14.5.tgz?cache=0&sync_timestamp=1623280386138&other_urls=https%3A%2F%2Fregistry.nlark.com%2F%40babel%2Ftemplate%2Fdownload%2F%40babel%2Ftemplate-7.14.5.tgz#a9bc9d8b33354ff6e55a9c60d1109200a68974f4"
  integrity sha1-qbydizM1T/blWpxg0RCSAKaJdPQ=
  dependencies:
    "@babel/code-frame" "^7.14.5"
    "@babel/parser" "^7.14.5"
    "@babel/types" "^7.14.5"

"@babel/traverse@^7.7.0":
  version "7.15.0"
  resolved "https://registry.nlark.com/@babel/traverse/download/@babel/traverse-7.15.0.tgz#4cca838fd1b2a03283c1f38e141f639d60b3fc98"
  integrity sha1-TMqDj9GyoDKDwfOOFB9jnWCz/Jg=
  dependencies:
    "@babel/code-frame" "^7.14.5"
    "@babel/generator" "^7.15.0"
    "@babel/helper-function-name" "^7.14.5"
    "@babel/helper-hoist-variables" "^7.14.5"
    "@babel/helper-split-export-declaration" "^7.14.5"
    "@babel/parser" "^7.15.0"
    "@babel/types" "^7.15.0"
    debug "^4.1.0"
    globals "^11.1.0"

"@babel/types@^7.14.5", "@babel/types@^7.15.0", "@babel/types@^7.7.0":
  version "7.15.0"
  resolved "https://registry.nlark.com/@babel/types/download/@babel/types-7.15.0.tgz?cache=0&sync_timestamp=1628111608723&other_urls=https%3A%2F%2Fregistry.nlark.com%2F%40babel%2Ftypes%2Fdownload%2F%40babel%2Ftypes-7.15.0.tgz#61af11f2286c4e9c69ca8deb5f4375a73c72dcbd"
  integrity sha1-Ya8R8ihsTpxpyo3rX0N1pzxy3L0=
  dependencies:
    "@babel/helper-validator-identifier" "^7.14.9"
    to-fast-properties "^2.0.0"

"@tootallnate/once@1":
  version "1.1.2"
  resolved "https://registry.nlark.com/@tootallnate/once/download/@tootallnate/once-1.1.2.tgz#ccb91445360179a04e7fe6aff78c00ffc1eeaf82"
  integrity sha1-zLkURTYBeaBOf+av94wA/8Hur4I=

"@types/node@^16.6.1":
  version "16.6.1"
  resolved "https://registry.nlark.com/@types/node/download/@types/node-16.6.1.tgz#aee62c7b966f55fc66c7b6dfa1d58db2a616da61"
  integrity sha1-ruYse5ZvVfxmx7bfodWNsqYW2mE=

abab@^2.0.3, abab@^2.0.5:
  version "2.0.5"
  resolved "https://registry.npm.taobao.org/abab/download/abab-2.0.5.tgz#c0b678fb32d60fc1219c784d6a826fe385aeb79a"
  integrity sha1-wLZ4+zLWD8EhnHhNaoJv44Wut5o=

acorn-globals@^6.0.0:
  version "6.0.0"
  resolved "https://registry.nlark.com/acorn-globals/download/acorn-globals-6.0.0.tgz#46cdd39f0f8ff08a876619b55f5ac8a6dc770b45"
  integrity sha1-Rs3Tnw+P8IqHZhm1X1rIptx3C0U=
  dependencies:
    acorn "^7.1.1"
    acorn-walk "^7.1.1"

acorn-walk@^7.1.1:
  version "7.2.0"
  resolved "https://registry.nlark.com/acorn-walk/download/acorn-walk-7.2.0.tgz?cache=0&sync_timestamp=1624951990736&other_urls=https%3A%2F%2Fregistry.nlark.com%2Facorn-walk%2Fdownload%2Facorn-walk-7.2.0.tgz#0de889a601203909b0fbe07b8938dc21d2e967bc"
  integrity sha1-DeiJpgEgOQmw++B7iTjcIdLpZ7w=

acorn@^7.1.1:
  version "7.4.1"
  resolved "https://registry.nlark.com/acorn/download/acorn-7.4.1.tgz?cache=0&sync_timestamp=1624526855420&other_urls=https%3A%2F%2Fregistry.nlark.com%2Facorn%2Fdownload%2Facorn-7.4.1.tgz#feaed255973d2e77555b83dbc08851a6c63520fa"
  integrity sha1-/q7SVZc9LndVW4PbwIhRpsY1IPo=

acorn@^8.4.1:
  version "8.4.1"
  resolved "https://registry.nlark.com/acorn/download/acorn-8.4.1.tgz?cache=0&sync_timestamp=1624526855420&other_urls=https%3A%2F%2Fregistry.nlark.com%2Facorn%2Fdownload%2Facorn-8.4.1.tgz#56c36251fc7cabc7096adc18f05afe814321a28c"
  integrity sha1-VsNiUfx8q8cJatwY8Fr+gUMhoow=

agent-base@6:
  version "6.0.2"
  resolved "https://registry.nlark.com/agent-base/download/agent-base-6.0.2.tgz#49fff58577cfee3f37176feab4c22e00f86d7f77"
  integrity sha1-Sf/1hXfP7j83F2/qtMIuAPhtf3c=
  dependencies:
    debug "4"

ansi-styles@^3.2.1:
  version "3.2.1"
  resolved "https://registry.nlark.com/ansi-styles/download/ansi-styles-3.2.1.tgz#41fbb20243e50b12be0f04b8dedbf07520ce841d"
  integrity sha1-QfuyAkPlCxK+DwS43tvwdSDOhB0=
  dependencies:
    color-convert "^1.9.0"

array-includes@^3.1.2, array-includes@^3.1.3:
  version "3.1.3"
  resolved "https://registry.nlark.com/array-includes/download/array-includes-3.1.3.tgz#c7f619b382ad2afaf5326cddfdc0afc61af7690a"
  integrity sha1-x/YZs4KtKvr1Mmzd/cCvxhr3aQo=
  dependencies:
    call-bind "^1.0.2"
    define-properties "^1.1.3"
    es-abstract "^1.18.0-next.2"
    get-intrinsic "^1.1.1"
    is-string "^1.0.5"

array.prototype.flatmap@^1.2.4:
  version "1.2.4"
  resolved "https://registry.npm.taobao.org/array.prototype.flatmap/download/array.prototype.flatmap-1.2.4.tgz#94cfd47cc1556ec0747d97f7c7738c58122004c9"
  integrity sha1-lM/UfMFVbsB0fZf3x3OMWBIgBMk=
  dependencies:
    call-bind "^1.0.0"
    define-properties "^1.1.3"
    es-abstract "^1.18.0-next.1"
    function-bind "^1.1.1"

asynckit@^0.4.0:
  version "0.4.0"
  resolved "https://registry.nlark.com/asynckit/download/asynckit-0.4.0.tgz#c79ed97f7f34cb8f2ba1bc9790bcc366474b4b79"
  integrity sha1-x57Zf380y48robyXkLzDZkdLS3k=

axios@^0.21.1:
  version "0.21.1"
  resolved "https://registry.nlark.com/axios/download/axios-0.21.1.tgz#22563481962f4d6bde9a76d516ef0e5d3c09b2b8"
  integrity sha1-IlY0gZYvTWvemnbVFu8OXTwJsrg=
  dependencies:
    follow-redirects "^1.10.0"

babel-eslint@^10.0.2:
  version "10.1.0"
  resolved "https://registry.nlark.com/babel-eslint/download/babel-eslint-10.1.0.tgz#6968e568a910b78fb3779cdd8b6ac2f479943232"
  integrity sha1-aWjlaKkQt4+zd5zdi2rC9HmUMjI=
  dependencies:
    "@babel/code-frame" "^7.0.0"
    "@babel/parser" "^7.7.0"
    "@babel/traverse" "^7.7.0"
    "@babel/types" "^7.7.0"
    eslint-visitor-keys "^1.0.0"
    resolve "^1.12.0"

balanced-match@^1.0.0:
  version "1.0.2"
  resolved "https://registry.npm.taobao.org/balanced-match/download/balanced-match-1.0.2.tgz#e83e3a7e3f300b34cb9d87f615fa0cbf357690ee"
  integrity sha1-6D46fj8wCzTLnYf2FfoMvzV2kO4=

brace-expansion@^1.1.7:
  version "1.1.11"
  resolved "https://registry.nlark.com/brace-expansion/download/brace-expansion-1.1.11.tgz#3c7fcbf529d87226f3d2f52b966ff5271eb441dd"
  integrity sha1-PH/L9SnYcibz0vUrlm/1Jx60Qd0=
  dependencies:
    balanced-match "^1.0.0"
    concat-map "0.0.1"

browser-process-hrtime@^1.0.0:
  version "1.0.0"
  resolved "https://registry.nlark.com/browser-process-hrtime/download/browser-process-hrtime-1.0.0.tgz#3c9b4b7d782c8121e56f10106d84c0d0ffc94626"
  integrity sha1-PJtLfXgsgSHlbxAQbYTA0P/JRiY=

call-bind@^1.0.0, call-bind@^1.0.2:
  version "1.0.2"
  resolved "https://registry.nlark.com/call-bind/download/call-bind-1.0.2.tgz#b1d4e89e688119c3c9a903ad30abb2f6a919be3c"
  integrity sha1-sdTonmiBGcPJqQOtMKuy9qkZvjw=
  dependencies:
    function-bind "^1.1.1"
    get-intrinsic "^1.0.2"

chalk@^2.0.0:
  version "2.4.2"
  resolved "https://registry.nlark.com/chalk/download/chalk-2.4.2.tgz?cache=0&sync_timestamp=1627646697260&other_urls=https%3A%2F%2Fregistry.nlark.com%2Fchalk%2Fdownload%2Fchalk-2.4.2.tgz#cd42541677a54333cf541a49108c1432b44c9424"
  integrity sha1-zUJUFnelQzPPVBpJEIwUMrRMlCQ=
  dependencies:
    ansi-styles "^3.2.1"
    escape-string-regexp "^1.0.5"
    supports-color "^5.3.0"

color-convert@^1.9.0:
  version "1.9.3"
  resolved "https://registry.npm.taobao.org/color-convert/download/color-convert-1.9.3.tgz#bb71850690e1f136567de629d2d5471deda4c1e8"
  integrity sha1-u3GFBpDh8TZWfeYp0tVHHe2kweg=
  dependencies:
    color-name "1.1.3"

color-name@1.1.3:
  version "1.1.3"
  resolved "https://registry.nlark.com/color-name/download/color-name-1.1.3.tgz#a7d0558bd89c42f795dd42328f740831ca53bc25"
  integrity sha1-p9BVi9icQveV3UIyj3QIMcpTvCU=

combined-stream@^1.0.8:
  version "1.0.8"
  resolved "https://registry.nlark.com/combined-stream/download/combined-stream-1.0.8.tgz#c3d45a8b34fd730631a110a8a2520682b31d5a7f"
  integrity sha1-w9RaizT9cwYxoRCoolIGgrMdWn8=
  dependencies:
    delayed-stream "~1.0.0"

concat-map@0.0.1:
  version "0.0.1"
  resolved "https://registry.nlark.com/concat-map/download/concat-map-0.0.1.tgz#d8a96bd77fd68df7793a73036a3ba0d5405d477b"
  integrity sha1-2Klr13/Wjfd5OnMDajug1UBdR3s=

cross-env@^7.0.3:
  version "7.0.3"
  resolved "https://registry.nlark.com/cross-env/download/cross-env-7.0.3.tgz?cache=0&sync_timestamp=1622605224328&other_urls=https%3A%2F%2Fregistry.nlark.com%2Fcross-env%2Fdownload%2Fcross-env-7.0.3.tgz#865264b29677dc015ba8418918965dd232fc54cf"
  integrity sha1-hlJkspZ33AFbqEGJGJZd0jL8VM8=
  dependencies:
    cross-spawn "^7.0.1"

cross-spawn@^7.0.1:
  version "7.0.3"
  resolved "https://registry.nlark.com/cross-spawn/download/cross-spawn-7.0.3.tgz#f73a85b9d5d41d045551c177e2882d4ac85728a6"
  integrity sha1-9zqFudXUHQRVUcF34ogtSshXKKY=
  dependencies:
    path-key "^3.1.0"
    shebang-command "^2.0.0"
    which "^2.0.1"

cssom@^0.5.0:
  version "0.5.0"
  resolved "https://registry.nlark.com/cssom/download/cssom-0.5.0.tgz?cache=0&sync_timestamp=1624218957158&other_urls=https%3A%2F%2Fregistry.nlark.com%2Fcssom%2Fdownload%2Fcssom-0.5.0.tgz#d254fa92cd8b6fbd83811b9fbaed34663cc17c36"
  integrity sha1-0lT6ks2Lb72DgRufuu00ZjzBfDY=

cssom@~0.3.6:
  version "0.3.8"
  resolved "https://registry.nlark.com/cssom/download/cssom-0.3.8.tgz?cache=0&sync_timestamp=1624218957158&other_urls=https%3A%2F%2Fregistry.nlark.com%2Fcssom%2Fdownload%2Fcssom-0.3.8.tgz#9f1276f5b2b463f2114d3f2c75250af8c1a36f4a"
  integrity sha1-nxJ29bK0Y/IRTT8sdSUK+MGjb0o=

cssstyle@^2.3.0:
  version "2.3.0"
  resolved "https://registry.npm.taobao.org/cssstyle/download/cssstyle-2.3.0.tgz#ff665a0ddbdc31864b09647f34163443d90b0852"
  integrity sha1-/2ZaDdvcMYZLCWR/NBY0Q9kLCFI=
  dependencies:
    cssom "~0.3.6"

data-urls@^3.0.0:
  version "3.0.0"
  resolved "https://registry.nlark.com/data-urls/download/data-urls-3.0.0.tgz?cache=0&sync_timestamp=1626722876103&other_urls=https%3A%2F%2Fregistry.nlark.com%2Fdata-urls%2Fdownload%2Fdata-urls-3.0.0.tgz#3ff551c986d7c6234a0ac4bbf20a269e1cd6b378"
  integrity sha1-P/VRyYbXxiNKCsS78gomnhzWs3g=
  dependencies:
    abab "^2.0.3"
    whatwg-mimetype "^2.3.0"
    whatwg-url "^9.0.0"

debug@4, debug@^4.1.0:
  version "4.3.2"
  resolved "https://registry.nlark.com/debug/download/debug-4.3.2.tgz?cache=0&sync_timestamp=1625374675284&other_urls=https%3A%2F%2Fregistry.nlark.com%2Fdebug%2Fdownload%2Fdebug-4.3.2.tgz#f0a49c18ac8779e31d4a0c6029dfb76873c7428b"
  integrity sha1-8KScGKyHeeMdSgxgKd+3aHPHQos=
  dependencies:
    ms "2.1.2"

decimal.js@^10.3.1:
  version "10.3.1"
  resolved "https://registry.nlark.com/decimal.js/download/decimal.js-10.3.1.tgz#d8c3a444a9c6774ba60ca6ad7261c3a94fd5e783"
  integrity sha1-2MOkRKnGd0umDKatcmHDqU/V54M=

deep-is@~0.1.3:
  version "0.1.3"
  resolved "https://registry.nlark.com/deep-is/download/deep-is-0.1.3.tgz#b369d6fb5dbc13eecf524f91b070feedc357cf34"
  integrity sha1-s2nW+128E+7PUk+RsHD+7cNXzzQ=

define-properties@^1.1.3:
  version "1.1.3"
  resolved "https://registry.nlark.com/define-properties/download/define-properties-1.1.3.tgz?cache=0&sync_timestamp=1618847174317&other_urls=https%3A%2F%2Fregistry.nlark.com%2Fdefine-properties%2Fdownload%2Fdefine-properties-1.1.3.tgz#cf88da6cbee26fe6db7094f61d870cbd84cee9f1"
  integrity sha1-z4jabL7ib+bbcJT2HYcMvYTO6fE=
  dependencies:
    object-keys "^1.0.12"

delayed-stream@~1.0.0:
  version "1.0.0"
  resolved "https://registry.npm.taobao.org/delayed-stream/download/delayed-stream-1.0.0.tgz#df3ae199acadfb7d440aaae0b29e2272b24ec619"
  integrity sha1-3zrhmayt+31ECqrgsp4icrJOxhk=

doctrine@^2.1.0:
  version "2.1.0"
  resolved "https://registry.nlark.com/doctrine/download/doctrine-2.1.0.tgz#5cd01fc101621b42c4cd7f5d1a66243716d3f39d"
  integrity sha1-XNAfwQFiG0LEzX9dGmYkNxbT850=
  dependencies:
    esutils "^2.0.2"

domexception@^2.0.1:
  version "2.0.1"
  resolved "https://registry.nlark.com/domexception/download/domexception-2.0.1.tgz#fb44aefba793e1574b0af6aed2801d057529f304"
  integrity sha1-+0Su+6eT4VdLCvau0oAdBXUp8wQ=
  dependencies:
    webidl-conversions "^5.0.0"

es-abstract@^1.18.0-next.1, es-abstract@^1.18.0-next.2, es-abstract@^1.18.2:
  version "1.18.5"
  resolved "https://registry.nlark.com/es-abstract/download/es-abstract-1.18.5.tgz#9b10de7d4c206a3581fd5b2124233e04db49ae19"
  integrity sha1-mxDefUwgajWB/VshJCM+BNtJrhk=
  dependencies:
    call-bind "^1.0.2"
    es-to-primitive "^1.2.1"
    function-bind "^1.1.1"
    get-intrinsic "^1.1.1"
    has "^1.0.3"
    has-symbols "^1.0.2"
    internal-slot "^1.0.3"
    is-callable "^1.2.3"
    is-negative-zero "^2.0.1"
    is-regex "^1.1.3"
    is-string "^1.0.6"
    object-inspect "^1.11.0"
    object-keys "^1.1.1"
    object.assign "^4.1.2"
    string.prototype.trimend "^1.0.4"
    string.prototype.trimstart "^1.0.4"
    unbox-primitive "^1.0.1"

es-to-primitive@^1.2.1:
  version "1.2.1"
  resolved "https://registry.npm.taobao.org/es-to-primitive/download/es-to-primitive-1.2.1.tgz#e55cd4c9cdc188bcefb03b366c736323fc5c898a"
  integrity sha1-5VzUyc3BiLzvsDs2bHNjI/xciYo=
  dependencies:
    is-callable "^1.1.4"
    is-date-object "^1.0.1"
    is-symbol "^1.0.2"

escape-string-regexp@^1.0.5:
  version "1.0.5"
  resolved "https://registry.nlark.com/escape-string-regexp/download/escape-string-regexp-1.0.5.tgz#1b61c0562190a8dff6ae3bb2cf0200ca130b86d4"
  integrity sha1-G2HAViGQqN/2rjuyzwIAyhMLhtQ=

escodegen@^2.0.0:
  version "2.0.0"
  resolved "https://registry.nlark.com/escodegen/download/escodegen-2.0.0.tgz#5e32b12833e8aa8fa35e1bf0befa89380484c7dd"
  integrity sha1-XjKxKDPoqo+jXhvwvvqJOASEx90=
  dependencies:
    esprima "^4.0.1"
    estraverse "^5.2.0"
    esutils "^2.0.2"
    optionator "^0.8.1"
  optionalDependencies:
    source-map "~0.6.1"

eslint-plugin-react@^7.17.0:
  version "7.24.0"
  resolved "https://registry.nlark.com/eslint-plugin-react/download/eslint-plugin-react-7.24.0.tgz?cache=0&sync_timestamp=1622319784610&other_urls=https%3A%2F%2Fregistry.nlark.com%2Feslint-plugin-react%2Fdownload%2Feslint-plugin-react-7.24.0.tgz#eadedfa351a6f36b490aa17f4fa9b14e842b9eb4"
  integrity sha1-6t7fo1Gm82tJCqF/T6mxToQrnrQ=
  dependencies:
    array-includes "^3.1.3"
    array.prototype.flatmap "^1.2.4"
    doctrine "^2.1.0"
    has "^1.0.3"
    jsx-ast-utils "^2.4.1 || ^3.0.0"
    minimatch "^3.0.4"
    object.entries "^1.1.4"
    object.fromentries "^2.0.4"
    object.values "^1.1.4"
    prop-types "^15.7.2"
    resolve "^2.0.0-next.3"
    string.prototype.matchall "^4.0.5"

eslint-visitor-keys@^1.0.0:
  version "1.3.0"
  resolved "https://registry.nlark.com/eslint-visitor-keys/download/eslint-visitor-keys-1.3.0.tgz#30ebd1ef7c2fdff01c3a4f151044af25fab0523e"
  integrity sha1-MOvR73wv3/AcOk8VEESvJfqwUj4=

esprima@^4.0.1:
  version "4.0.1"
  resolved "https://registry.nlark.com/esprima/download/esprima-4.0.1.tgz#13b04cdb3e6c5d19df91ab6987a8695619b0aa71"
  integrity sha1-E7BM2z5sXRnfkatph6hpVhmwqnE=

estraverse@^5.2.0:
  version "5.2.0"
  resolved "https://registry.nlark.com/estraverse/download/estraverse-5.2.0.tgz#307df42547e6cc7324d3cf03c155d5cdb8c53880"
  integrity sha1-MH30JUfmzHMk088DwVXVzbjFOIA=

esutils@^2.0.2:
  version "2.0.3"
  resolved "https://registry.nlark.com/esutils/download/esutils-2.0.3.tgz#74d2eb4de0b8da1293711910d50775b9b710ef64"
  integrity sha1-dNLrTeC42hKTcRkQ1Qd1ubcQ72Q=

fast-levenshtein@~2.0.6:
  version "2.0.6"
  resolved "https://registry.nlark.com/fast-levenshtein/download/fast-levenshtein-2.0.6.tgz#3d8a5c66883a16a30ca8643e851f19baa7797917"
  integrity sha1-PYpcZog6FqMMqGQ+hR8Zuqd5eRc=

follow-redirects@^1.10.0:
  version "1.14.1"
  resolved "https://registry.nlark.com/follow-redirects/download/follow-redirects-1.14.1.tgz?cache=0&sync_timestamp=1620555300559&other_urls=https%3A%2F%2Fregistry.nlark.com%2Ffollow-redirects%2Fdownload%2Ffollow-redirects-1.14.1.tgz#d9114ded0a1cfdd334e164e6662ad02bfd91ff43"
  integrity sha1-2RFN7Qoc/dM04WTmZirQK/2R/0M=

form-data@^3.0.0:
  version "3.0.1"
  resolved "https://registry.npm.taobao.org/form-data/download/form-data-3.0.1.tgz#ebd53791b78356a99af9a300d4282c4d5eb9755f"
  integrity sha1-69U3kbeDVqma+aMA1CgsTV65dV8=
  dependencies:
    asynckit "^0.4.0"
    combined-stream "^1.0.8"
    mime-types "^2.1.12"

form-data@^4.0.0:
  version "4.0.0"
  resolved "https://registry.npm.taobao.org/form-data/download/form-data-4.0.0.tgz#93919daeaf361ee529584b9b31664dc12c9fa452"
  integrity sha1-k5Gdrq82HuUpWEubMWZNwSyfpFI=
  dependencies:
    asynckit "^0.4.0"
    combined-stream "^1.0.8"
    mime-types "^2.1.12"

function-bind@^1.1.1:
  version "1.1.1"
  resolved "https://registry.nlark.com/function-bind/download/function-bind-1.1.1.tgz#a56899d3ea3c9bab874bb9773b7c5ede92f4895d"
  integrity sha1-pWiZ0+o8m6uHS7l3O3xe3pL0iV0=

get-intrinsic@^1.0.2, get-intrinsic@^1.1.0, get-intrinsic@^1.1.1:
  version "1.1.1"
  resolved "https://registry.nlark.com/get-intrinsic/download/get-intrinsic-1.1.1.tgz#15f59f376f855c446963948f0d24cd3637b4abc6"
  integrity sha1-FfWfN2+FXERpY5SPDSTNNje0q8Y=
  dependencies:
    function-bind "^1.1.1"
    has "^1.0.3"
    has-symbols "^1.0.1"

get-stream@^6.0.0:
  version "6.0.1"
  resolved "https://registry.nlark.com/get-stream/download/get-stream-6.0.1.tgz#a262d8eef67aced57c2852ad6167526a43cbf7b7"
  integrity sha1-omLY7vZ6ztV8KFKtYWdSakPL97c=

globals@^11.1.0:
  version "11.12.0"
  resolved "https://registry.nlark.com/globals/download/globals-11.12.0.tgz?cache=0&sync_timestamp=1628810148451&other_urls=https%3A%2F%2Fregistry.nlark.com%2Fglobals%2Fdownload%2Fglobals-11.12.0.tgz#ab8795338868a0babd8525758018c2a7eb95c42e"
  integrity sha1-q4eVM4hooLq9hSV1gBjCp+uVxC4=

has-bigints@^1.0.1:
  version "1.0.1"
  resolved "https://registry.nlark.com/has-bigints/download/has-bigints-1.0.1.tgz#64fe6acb020673e3b78db035a5af69aa9d07b113"
  integrity sha1-ZP5qywIGc+O3jbA1pa9pqp0HsRM=

has-flag@^3.0.0:
  version "3.0.0"
  resolved "https://registry.nlark.com/has-flag/download/has-flag-3.0.0.tgz#b5d454dc2199ae225699f3467e5a07f3b955bafd"
  integrity sha1-tdRU3CGZriJWmfNGfloH87lVuv0=

has-symbols@^1.0.1, has-symbols@^1.0.2:
  version "1.0.2"
  resolved "https://registry.nlark.com/has-symbols/download/has-symbols-1.0.2.tgz#165d3070c00309752a1236a479331e3ac56f1423"
  integrity sha1-Fl0wcMADCXUqEjakeTMeOsVvFCM=

has-tostringtag@^1.0.0:
  version "1.0.0"
  resolved "https://registry.nlark.com/has-tostringtag/download/has-tostringtag-1.0.0.tgz?cache=0&sync_timestamp=1628196402801&other_urls=https%3A%2F%2Fregistry.nlark.com%2Fhas-tostringtag%2Fdownload%2Fhas-tostringtag-1.0.0.tgz#7e133818a7d394734f941e73c3d3f9291e658b25"
  integrity sha1-fhM4GKfTlHNPlB5zw9P5KR5liyU=
  dependencies:
    has-symbols "^1.0.2"

has@^1.0.3:
  version "1.0.3"
  resolved "https://registry.nlark.com/has/download/has-1.0.3.tgz#722d7cbfc1f6aa8241f16dd814e011e1f41e8796"
  integrity sha1-ci18v8H2qoJB8W3YFOAR4fQeh5Y=
  dependencies:
    function-bind "^1.1.1"

html-encoding-sniffer@^2.0.1:
  version "2.0.1"
  resolved "https://registry.nlark.com/html-encoding-sniffer/download/html-encoding-sniffer-2.0.1.tgz#42a6dc4fd33f00281176e8b23759ca4e4fa185f3"
  integrity sha1-QqbcT9M/ACgRduiyN1nKTk+hhfM=
  dependencies:
    whatwg-encoding "^1.0.5"

http-proxy-agent@^4.0.1:
  version "4.0.1"
  resolved "https://registry.nlark.com/http-proxy-agent/download/http-proxy-agent-4.0.1.tgz#8a8c8ef7f5932ccf953c296ca8291b95aa74aa3a"
  integrity sha1-ioyO9/WTLM+VPClsqCkblap0qjo=
  dependencies:
    "@tootallnate/once" "1"
    agent-base "6"
    debug "4"

https-proxy-agent@^5.0.0:
  version "5.0.0"
  resolved "https://registry.nlark.com/https-proxy-agent/download/https-proxy-agent-5.0.0.tgz#e2a90542abb68a762e0a0850f6c9edadfd8506b2"
  integrity sha1-4qkFQqu2inYuCghQ9sntrf2FBrI=
  dependencies:
    agent-base "6"
    debug "4"

iconv-lite@0.4.24:
  version "0.4.24"
  resolved "https://registry.nlark.com/iconv-lite/download/iconv-lite-0.4.24.tgz#2022b4b25fbddc21d2f524974a474aafe733908b"
  integrity sha1-ICK0sl+93CHS9SSXSkdKr+czkIs=
  dependencies:
    safer-buffer ">= 2.1.2 < 3"

internal-slot@^1.0.3:
  version "1.0.3"
  resolved "https://registry.nlark.com/internal-slot/download/internal-slot-1.0.3.tgz#7347e307deeea2faac2ac6205d4bc7d34967f59c"
  integrity sha1-c0fjB97uovqsKsYgXUvH00ln9Zw=
  dependencies:
    get-intrinsic "^1.1.0"
    has "^1.0.3"
    side-channel "^1.0.4"

is-bigint@^1.0.1:
  version "1.0.4"
  resolved "https://registry.nlark.com/is-bigint/download/is-bigint-1.0.4.tgz?cache=0&sync_timestamp=1628747504782&other_urls=https%3A%2F%2Fregistry.nlark.com%2Fis-bigint%2Fdownload%2Fis-bigint-1.0.4.tgz#08147a1875bc2b32005d41ccd8291dffc6691df3"
  integrity sha1-CBR6GHW8KzIAXUHM2Ckd/8ZpHfM=
  dependencies:
    has-bigints "^1.0.1"

is-boolean-object@^1.1.0:
  version "1.1.2"
  resolved "https://registry.nlark.com/is-boolean-object/download/is-boolean-object-1.1.2.tgz?cache=0&other_urls=https%3A%2F%2Fregistry.nlark.com%2Fis-boolean-object%2Fdownload%2Fis-boolean-object-1.1.2.tgz#5c6dc200246dd9321ae4b885a114bb1f75f63719"
  integrity sha1-XG3CACRt2TIa5LiFoRS7H3X2Nxk=
  dependencies:
    call-bind "^1.0.2"
    has-tostringtag "^1.0.0"

is-callable@^1.1.4, is-callable@^1.2.3:
  version "1.2.4"
  resolved "https://registry.nlark.com/is-callable/download/is-callable-1.2.4.tgz?cache=0&other_urls=https%3A%2F%2Fregistry.nlark.com%2Fis-callable%2Fdownload%2Fis-callable-1.2.4.tgz#47301d58dd0259407865547853df6d61fe471945"
  integrity sha1-RzAdWN0CWUB4ZVR4U99tYf5HGUU=

is-core-module@^2.2.0:
  version "2.5.0"
  resolved "https://registry.nlark.com/is-core-module/download/is-core-module-2.5.0.tgz?cache=0&sync_timestamp=1626158736739&other_urls=https%3A%2F%2Fregistry.nlark.com%2Fis-core-module%2Fdownload%2Fis-core-module-2.5.0.tgz#f754843617c70bfd29b7bd87327400cda5c18491"
  integrity sha1-91SENhfHC/0pt72HMnQAzaXBhJE=
  dependencies:
    has "^1.0.3"

is-date-object@^1.0.1:
  version "1.0.5"
  resolved "https://registry.nlark.com/is-date-object/download/is-date-object-1.0.5.tgz?cache=0&other_urls=https%3A%2F%2Fregistry.nlark.com%2Fis-date-object%2Fdownload%2Fis-date-object-1.0.5.tgz#0841d5536e724c25597bf6ea62e1bd38298df31f"
  integrity sha1-CEHVU25yTCVZe/bqYuG9OCmN8x8=
  dependencies:
    has-tostringtag "^1.0.0"

is-negative-zero@^2.0.1:
  version "2.0.1"
  resolved "https://registry.nlark.com/is-negative-zero/download/is-negative-zero-2.0.1.tgz#3de746c18dda2319241a53675908d8f766f11c24"
  integrity sha1-PedGwY3aIxkkGlNnWQjY92bxHCQ=

is-number-object@^1.0.4:
  version "1.0.6"
  resolved "https://registry.nlark.com/is-number-object/download/is-number-object-1.0.6.tgz#6a7aaf838c7f0686a50b4553f7e54a96494e89f0"
  integrity sha1-anqvg4x/BoalC0VT9+VKlklOifA=
  dependencies:
    has-tostringtag "^1.0.0"

is-potential-custom-element-name@^1.0.1:
  version "1.0.1"
  resolved "https://registry.npm.taobao.org/is-potential-custom-element-name/download/is-potential-custom-element-name-1.0.1.tgz#171ed6f19e3ac554394edf78caa05784a45bebb5"
  integrity sha1-Fx7W8Z46xVQ5Tt94yqBXhKRb67U=

is-regex@^1.1.3:
  version "1.1.4"
  resolved "https://registry.nlark.com/is-regex/download/is-regex-1.1.4.tgz?cache=0&sync_timestamp=1628221853554&other_urls=https%3A%2F%2Fregistry.nlark.com%2Fis-regex%2Fdownload%2Fis-regex-1.1.4.tgz#eef5663cd59fa4c0ae339505323df6854bb15958"
  integrity sha1-7vVmPNWfpMCuM5UFMj32hUuxWVg=
  dependencies:
    call-bind "^1.0.2"
    has-tostringtag "^1.0.0"

is-stream@^2.0.0:
  version "2.0.1"
  resolved "https://registry.nlark.com/is-stream/download/is-stream-2.0.1.tgz?cache=0&sync_timestamp=1628592752355&other_urls=https%3A%2F%2Fregistry.nlark.com%2Fis-stream%2Fdownload%2Fis-stream-2.0.1.tgz#fac1e3d53b97ad5a9d0ae9cef2389f5810a5c077"
  integrity sha1-+sHj1TuXrVqdCunO8jifWBClwHc=

is-string@^1.0.5, is-string@^1.0.6:
  version "1.0.7"
  resolved "https://registry.nlark.com/is-string/download/is-string-1.0.7.tgz#0dd12bf2006f255bb58f695110eff7491eebc0fd"
  integrity sha1-DdEr8gBvJVu1j2lREO/3SR7rwP0=
  dependencies:
    has-tostringtag "^1.0.0"

is-symbol@^1.0.2, is-symbol@^1.0.3:
  version "1.0.4"
  resolved "https://registry.nlark.com/is-symbol/download/is-symbol-1.0.4.tgz?cache=0&sync_timestamp=1620501174327&other_urls=https%3A%2F%2Fregistry.nlark.com%2Fis-symbol%2Fdownload%2Fis-symbol-1.0.4.tgz#a6dac93b635b063ca6872236de88910a57af139c"
  integrity sha1-ptrJO2NbBjymhyI23oiRClevE5w=
  dependencies:
    has-symbols "^1.0.2"

isexe@^2.0.0:
  version "2.0.0"
  resolved "https://registry.npm.taobao.org/isexe/download/isexe-2.0.0.tgz#e8fbf374dc556ff8947a10dcb0572d633f2cfa10"
  integrity sha1-6PvzdNxVb/iUehDcsFctYz8s+hA=

"js-tokens@^3.0.0 || ^4.0.0", js-tokens@^4.0.0:
  version "4.0.0"
  resolved "https://registry.nlark.com/js-tokens/download/js-tokens-4.0.0.tgz?cache=0&sync_timestamp=1619345098261&other_urls=https%3A%2F%2Fregistry.nlark.com%2Fjs-tokens%2Fdownload%2Fjs-tokens-4.0.0.tgz#19203fb59991df98e3a287050d4647cdeaf32499"
  integrity sha1-GSA/tZmR35jjoocFDUZHzerzJJk=

jsdom@^17.0.0:
  version "17.0.0"
  resolved "https://registry.nlark.com/jsdom/download/jsdom-17.0.0.tgz#3ec82d1d30030649c8defedc45fff6aa3e5d06ae"
  integrity sha1-PsgtHTADBknI3v7cRf/2qj5dBq4=
  dependencies:
    abab "^2.0.5"
    acorn "^8.4.1"
    acorn-globals "^6.0.0"
    cssom "^0.5.0"
    cssstyle "^2.3.0"
    data-urls "^3.0.0"
    decimal.js "^10.3.1"
    domexception "^2.0.1"
    escodegen "^2.0.0"
    form-data "^4.0.0"
    html-encoding-sniffer "^2.0.1"
    http-proxy-agent "^4.0.1"
    https-proxy-agent "^5.0.0"
    is-potential-custom-element-name "^1.0.1"
    nwsapi "^2.2.0"
    parse5 "6.0.1"
    saxes "^5.0.1"
    symbol-tree "^3.2.4"
    tough-cookie "^4.0.0"
    w3c-hr-time "^1.0.2"
    w3c-xmlserializer "^2.0.0"
    webidl-conversions "^6.1.0"
    whatwg-encoding "^1.0.5"
    whatwg-mimetype "^2.3.0"
    whatwg-url "^9.0.0"
    ws "^8.0.0"
    xml-name-validator "^3.0.0"

jsesc@^2.5.1:
  version "2.5.2"
  resolved "https://registry.nlark.com/jsesc/download/jsesc-2.5.2.tgz#80564d2e483dacf6e8ef209650a67df3f0c283a4"
  integrity sha1-gFZNLkg9rPbo7yCWUKZ98/DCg6Q=

"jsx-ast-utils@^2.4.1 || ^3.0.0":
  version "3.2.0"
  resolved "https://registry.npm.taobao.org/jsx-ast-utils/download/jsx-ast-utils-3.2.0.tgz#41108d2cec408c3453c1bbe8a4aae9e1e2bd8f82"
  integrity sha1-QRCNLOxAjDRTwbvopKrp4eK9j4I=
  dependencies:
    array-includes "^3.1.2"
    object.assign "^4.1.2"

levn@~0.3.0:
  version "0.3.0"
  resolved "https://registry.npm.taobao.org/levn/download/levn-0.3.0.tgz#3b09924edf9f083c0490fdd4c0bc4421e04764ee"
  integrity sha1-OwmSTt+fCDwEkP3UwLxEIeBHZO4=
  dependencies:
    prelude-ls "~1.1.2"
    type-check "~0.3.2"

loose-envify@^1.4.0:
  version "1.4.0"
  resolved "https://registry.nlark.com/loose-envify/download/loose-envify-1.4.0.tgz#71ee51fa7be4caec1a63839f7e682d8132d30caf"
  integrity sha1-ce5R+nvkyuwaY4OffmgtgTLTDK8=
  dependencies:
    js-tokens "^3.0.0 || ^4.0.0"

mime-db@1.49.0:
  version "1.49.0"
  resolved "https://registry.nlark.com/mime-db/download/mime-db-1.49.0.tgz#f3dfde60c99e9cf3bc9701d687778f537001cbed"
  integrity sha1-89/eYMmenPO8lwHWh3ePU3ABy+0=

mime-types@^2.1.12:
  version "2.1.32"
  resolved "https://registry.nlark.com/mime-types/download/mime-types-2.1.32.tgz?cache=0&sync_timestamp=1627407819001&other_urls=https%3A%2F%2Fregistry.nlark.com%2Fmime-types%2Fdownload%2Fmime-types-2.1.32.tgz#1d00e89e7de7fe02008db61001d9e02852670fd5"
  integrity sha1-HQDonn3n/gIAjbYQAdngKFJnD9U=
  dependencies:
    mime-db "1.49.0"

minimatch@^3.0.4:
  version "3.0.4"
  resolved "https://registry.npm.taobao.org/minimatch/download/minimatch-3.0.4.tgz#5166e286457f03306064be5497e8dbb0c3d32083"
  integrity sha1-UWbihkV/AzBgZL5Ul+jbsMPTIIM=
  dependencies:
    brace-expansion "^1.1.7"

ms@2.1.2:
  version "2.1.2"
  resolved "https://registry.nlark.com/ms/download/ms-2.1.2.tgz#d09d1f357b443f493382a8eb3ccd183872ae6009"
  integrity sha1-0J0fNXtEP0kzgqjrPM0YOHKuYAk=

node-fetch@^2.2.0:
  version "2.6.1"
  resolved "https://registry.nlark.com/node-fetch/download/node-fetch-2.6.1.tgz?cache=0&sync_timestamp=1626684920037&other_urls=https%3A%2F%2Fregistry.nlark.com%2Fnode-fetch%2Fdownload%2Fnode-fetch-2.6.1.tgz#045bd323631f76ed2e2b55573394416b639a0052"
  integrity sha1-BFvTI2Mfdu0uK1VXM5RBa2OaAFI=

nwsapi@^2.2.0:
  version "2.2.0"
  resolved "https://registry.nlark.com/nwsapi/download/nwsapi-2.2.0.tgz#204879a9e3d068ff2a55139c2c772780681a38b7"
  integrity sha1-IEh5qePQaP8qVROcLHcngGgaOLc=

object-assign@^4.1.1:
  version "4.1.1"
  resolved "https://registry.nlark.com/object-assign/download/object-assign-4.1.1.tgz?cache=0&sync_timestamp=1618847043548&other_urls=https%3A%2F%2Fregistry.nlark.com%2Fobject-assign%2Fdownload%2Fobject-assign-4.1.1.tgz#2109adc7965887cfc05cbbd442cac8bfbb360863"
  integrity sha1-IQmtx5ZYh8/AXLvUQsrIv7s2CGM=

object-inspect@^1.11.0, object-inspect@^1.9.0:
  version "1.11.0"
  resolved "https://registry.nlark.com/object-inspect/download/object-inspect-1.11.0.tgz?cache=0&sync_timestamp=1626120241132&other_urls=https%3A%2F%2Fregistry.nlark.com%2Fobject-inspect%2Fdownload%2Fobject-inspect-1.11.0.tgz#9dceb146cedd4148a0d9e51ab88d34cf509922b1"
  integrity sha1-nc6xRs7dQUig2eUauI00z1CZIrE=

object-keys@^1.0.12, object-keys@^1.1.1:
  version "1.1.1"
  resolved "https://registry.nlark.com/object-keys/download/object-keys-1.1.1.tgz#1c47f272df277f3b1daf061677d9c82e2322c60e"
  integrity sha1-HEfyct8nfzsdrwYWd9nILiMixg4=

object.assign@^4.1.2:
  version "4.1.2"
  resolved "https://registry.nlark.com/object.assign/download/object.assign-4.1.2.tgz#0ed54a342eceb37b38ff76eb831a0e788cb63940"
  integrity sha1-DtVKNC7Os3s4/3brgxoOeIy2OUA=
  dependencies:
    call-bind "^1.0.0"
    define-properties "^1.1.3"
    has-symbols "^1.0.1"
    object-keys "^1.1.1"

object.entries@^1.1.4:
  version "1.1.4"
  resolved "https://registry.nlark.com/object.entries/download/object.entries-1.1.4.tgz?cache=0&sync_timestamp=1622071045693&other_urls=https%3A%2F%2Fregistry.nlark.com%2Fobject.entries%2Fdownload%2Fobject.entries-1.1.4.tgz#43ccf9a50bc5fd5b649d45ab1a579f24e088cafd"
  integrity sha1-Q8z5pQvF/VtknUWrGlefJOCIyv0=
  dependencies:
    call-bind "^1.0.2"
    define-properties "^1.1.3"
    es-abstract "^1.18.2"

object.fromentries@^2.0.4:
  version "2.0.4"
  resolved "https://registry.npm.taobao.org/object.fromentries/download/object.fromentries-2.0.4.tgz#26e1ba5c4571c5c6f0890cef4473066456a120b8"
  integrity sha1-JuG6XEVxxcbwiQzvRHMGZFahILg=
  dependencies:
    call-bind "^1.0.2"
    define-properties "^1.1.3"
    es-abstract "^1.18.0-next.2"
    has "^1.0.3"

object.values@^1.1.4:
  version "1.1.4"
  resolved "https://registry.nlark.com/object.values/download/object.values-1.1.4.tgz?cache=0&sync_timestamp=1622070620040&other_urls=https%3A%2F%2Fregistry.nlark.com%2Fobject.values%2Fdownload%2Fobject.values-1.1.4.tgz#0d273762833e816b693a637d30073e7051535b30"
  integrity sha1-DSc3YoM+gWtpOmN9MAc+cFFTWzA=
  dependencies:
    call-bind "^1.0.2"
    define-properties "^1.1.3"
    es-abstract "^1.18.2"

optionator@^0.8.1:
  version "0.8.3"
  resolved "https://registry.nlark.com/optionator/download/optionator-0.8.3.tgz#84fa1d036fe9d3c7e21d99884b601167ec8fb495"
  integrity sha1-hPodA2/p08fiHZmIS2ARZ+yPtJU=
  dependencies:
    deep-is "~0.1.3"
    fast-levenshtein "~2.0.6"
    levn "~0.3.0"
    prelude-ls "~1.1.2"
    type-check "~0.3.2"
    word-wrap "~1.2.3"

parse5@6.0.1:
  version "6.0.1"
  resolved "https://registry.nlark.com/parse5/download/parse5-6.0.1.tgz#e1a1c085c569b3dc08321184f19a39cc27f7c30b"
  integrity sha1-4aHAhcVps9wIMhGE8Zo5zCf3wws=

path-key@^3.1.0:
  version "3.1.1"
  resolved "https://registry.npm.taobao.org/path-key/download/path-key-3.1.1.tgz?cache=0&sync_timestamp=1617971695678&other_urls=https%3A%2F%2Fregistry.npm.taobao.org%2Fpath-key%2Fdownload%2Fpath-key-3.1.1.tgz#581f6ade658cbba65a0d3380de7753295054f375"
  integrity sha1-WB9q3mWMu6ZaDTOA3ndTKVBU83U=

path-parse@^1.0.6:
  version "1.0.7"
  resolved "https://registry.nlark.com/path-parse/download/path-parse-1.0.7.tgz#fbc114b60ca42b30d9daf5858e4bd68bbedb6735"
  integrity sha1-+8EUtgykKzDZ2vWFjkvWi77bZzU=

pinyin-pro@^3.3.1:
  version "3.3.1"
  resolved "https://registry.nlark.com/pinyin-pro/download/pinyin-pro-3.3.1.tgz#c8582b258e398e68b5275c984b94f5c154e075dd"
  integrity sha1-yFgrJY45jmi1J1yYS5T1wVTgdd0=

prelude-ls@~1.1.2:
  version "1.1.2"
  resolved "https://registry.nlark.com/prelude-ls/download/prelude-ls-1.1.2.tgz#21932a549f5e52ffd9a827f570e04be62a97da54"
  integrity sha1-IZMqVJ9eUv/ZqCf1cOBL5iqX2lQ=

prettier@^2.3.2:
  version "2.3.2"
  resolved "https://registry.nlark.com/prettier/download/prettier-2.3.2.tgz?cache=0&sync_timestamp=1624696193562&other_urls=https%3A%2F%2Fregistry.nlark.com%2Fprettier%2Fdownload%2Fprettier-2.3.2.tgz#ef280a05ec253712e486233db5c6f23441e7342d"
  integrity sha1-7ygKBewlNxLkhiM9tcbyNEHnNC0=

prop-types@^15.7.2:
  version "15.7.2"
  resolved "https://registry.npm.taobao.org/prop-types/download/prop-types-15.7.2.tgz?cache=0&sync_timestamp=1615984425557&other_urls=https%3A%2F%2Fregistry.npm.taobao.org%2Fprop-types%2Fdownload%2Fprop-types-15.7.2.tgz#52c41e75b8c87e72b9d9360e0206b99dcbffa6c5"
  integrity sha1-UsQedbjIfnK52TYOAga5ncv/psU=
  dependencies:
    loose-envify "^1.4.0"
    object-assign "^4.1.1"
    react-is "^16.8.1"

psl@^1.1.33:
  version "1.8.0"
  resolved "https://registry.npm.taobao.org/psl/download/psl-1.8.0.tgz#9326f8bcfb013adcc005fdff056acce020e51c24"
  integrity sha1-kyb4vPsBOtzABf3/BWrM4CDlHCQ=

punycode@^2.1.1:
  version "2.1.1"
  resolved "https://registry.nlark.com/punycode/download/punycode-2.1.1.tgz#b58b010ac40c22c5657616c8d2c2c02c7bf479ec"
  integrity sha1-tYsBCsQMIsVldhbI0sLALHv0eew=

react-is@^16.8.1:
  version "16.13.1"
  resolved "https://registry.nlark.com/react-is/download/react-is-16.13.1.tgz?cache=0&sync_timestamp=1629130727181&other_urls=https%3A%2F%2Fregistry.nlark.com%2Freact-is%2Fdownload%2Freact-is-16.13.1.tgz#789729a4dc36de2999dc156dd6c1d9c18cea56a4"
  integrity sha1-eJcppNw23imZ3BVt1sHZwYzqVqQ=

regexp.prototype.flags@^1.3.1:
  version "1.3.1"
  resolved "https://registry.nlark.com/regexp.prototype.flags/download/regexp.prototype.flags-1.3.1.tgz#7ef352ae8d159e758c0eadca6f8fcb4eef07be26"
  integrity sha1-fvNSro0VnnWMDq3Kb4/LTu8HviY=
  dependencies:
    call-bind "^1.0.2"
    define-properties "^1.1.3"

resolve@^1.12.0:
  version "1.20.0"
  resolved "https://registry.nlark.com/resolve/download/resolve-1.20.0.tgz#629a013fb3f70755d6f0b7935cc1c2c5378b1975"
  integrity sha1-YpoBP7P3B1XW8LeTXMHCxTeLGXU=
  dependencies:
    is-core-module "^2.2.0"
    path-parse "^1.0.6"

resolve@^2.0.0-next.3:
  version "2.0.0-next.3"
  resolved "https://registry.nlark.com/resolve/download/resolve-2.0.0-next.3.tgz#d41016293d4a8586a39ca5d9b5f15cbea1f55e46"
  integrity sha1-1BAWKT1KhYajnKXZtfFcvqH1XkY=
  dependencies:
    is-core-module "^2.2.0"
    path-parse "^1.0.6"

"safer-buffer@>= 2.1.2 < 3":
  version "2.1.2"
  resolved "https://registry.nlark.com/safer-buffer/download/safer-buffer-2.1.2.tgz#44fa161b0187b9549dd84bb91802f9bd8385cd6a"
  integrity sha1-RPoWGwGHuVSd2Eu5GAL5vYOFzWo=

saxes@^5.0.1:
  version "5.0.1"
  resolved "https://registry.nlark.com/saxes/download/saxes-5.0.1.tgz#eebab953fa3b7608dbe94e5dadb15c888fa6696d"
  integrity sha1-7rq5U/o7dgjb6U5drbFciI+maW0=
  dependencies:
    xmlchars "^2.2.0"

shebang-command@^2.0.0:
  version "2.0.0"
  resolved "https://registry.nlark.com/shebang-command/download/shebang-command-2.0.0.tgz#ccd0af4f8835fbdc265b82461aaf0c36663f34ea"
  integrity sha1-zNCvT4g1+9wmW4JGGq8MNmY/NOo=
  dependencies:
    shebang-regex "^3.0.0"

shebang-regex@^3.0.0:
  version "3.0.0"
  resolved "https://registry.nlark.com/shebang-regex/download/shebang-regex-3.0.0.tgz?cache=0&sync_timestamp=1628896299850&other_urls=https%3A%2F%2Fregistry.nlark.com%2Fshebang-regex%2Fdownload%2Fshebang-regex-3.0.0.tgz#ae16f1644d873ecad843b0307b143362d4c42172"
  integrity sha1-rhbxZE2HPsrYQ7AwexQzYtTEIXI=

side-channel@^1.0.4:
  version "1.0.4"
  resolved "https://registry.nlark.com/side-channel/download/side-channel-1.0.4.tgz#efce5c8fdc104ee751b25c58d4290011fa5ea2cf"
  integrity sha1-785cj9wQTudRslxY1CkAEfpeos8=
  dependencies:
    call-bind "^1.0.0"
    get-intrinsic "^1.0.2"
    object-inspect "^1.9.0"

source-map@^0.5.0:
  version "0.5.7"
  resolved "https://registry.nlark.com/source-map/download/source-map-0.5.7.tgz#8a039d2d1021d22d1ea14c80d8ea468ba2ef3fcc"
  integrity sha1-igOdLRAh0i0eoUyA2OpGi6LvP8w=

source-map@~0.6.1:
  version "0.6.1"
  resolved "https://registry.nlark.com/source-map/download/source-map-0.6.1.tgz#74722af32e9614e9c287a8d0bbde48b5e2f1a263"
  integrity sha1-dHIq8y6WFOnCh6jQu95IteLxomM=

string.prototype.matchall@^4.0.5:
  version "4.0.5"
  resolved "https://registry.nlark.com/string.prototype.matchall/download/string.prototype.matchall-4.0.5.tgz#59370644e1db7e4c0c045277690cf7b01203c4da"
  integrity sha1-WTcGROHbfkwMBFJ3aQz3sBIDxNo=
  dependencies:
    call-bind "^1.0.2"
    define-properties "^1.1.3"
    es-abstract "^1.18.2"
    get-intrinsic "^1.1.1"
    has-symbols "^1.0.2"
    internal-slot "^1.0.3"
    regexp.prototype.flags "^1.3.1"
    side-channel "^1.0.4"

string.prototype.trimend@^1.0.4:
  version "1.0.4"
  resolved "https://registry.nlark.com/string.prototype.trimend/download/string.prototype.trimend-1.0.4.tgz#e75ae90c2942c63504686c18b287b4a0b1a45f80"
  integrity sha1-51rpDClCxjUEaGwYsoe0oLGkX4A=
  dependencies:
    call-bind "^1.0.2"
    define-properties "^1.1.3"

string.prototype.trimstart@^1.0.4:
  version "1.0.4"
  resolved "https://registry.npm.taobao.org/string.prototype.trimstart/download/string.prototype.trimstart-1.0.4.tgz#b36399af4ab2999b4c9c648bd7a3fb2bb26feeed"
  integrity sha1-s2OZr0qymZtMnGSL16P7K7Jv7u0=
  dependencies:
    call-bind "^1.0.2"
    define-properties "^1.1.3"

supports-color@^5.3.0:
  version "5.5.0"
  resolved "https://registry.nlark.com/supports-color/download/supports-color-5.5.0.tgz?cache=0&sync_timestamp=1626703342506&other_urls=https%3A%2F%2Fregistry.nlark.com%2Fsupports-color%2Fdownload%2Fsupports-color-5.5.0.tgz#e2e69a44ac8772f78a1ec0b35b689df6530efc8f"
  integrity sha1-4uaaRKyHcveKHsCzW2id9lMO/I8=
  dependencies:
    has-flag "^3.0.0"

symbol-tree@^3.2.4:
  version "3.2.4"
  resolved "https://registry.npm.taobao.org/symbol-tree/download/symbol-tree-3.2.4.tgz#430637d248ba77e078883951fb9aa0eed7c63fa2"
  integrity sha1-QwY30ki6d+B4iDlR+5qg7tfGP6I=

tencentcloud-sdk-nodejs@^4.0.183:
  version "4.0.183"
  resolved "https://registry.nlark.com/tencentcloud-sdk-nodejs/download/tencentcloud-sdk-nodejs-4.0.183.tgz#4c060191ac2b06c952a17e6a2862448527ef9376"
  integrity sha1-TAYBkawrBslSoX5qKGJEhSfvk3Y=
  dependencies:
    babel-eslint "^10.0.2"
    eslint-plugin-react "^7.17.0"
    form-data "^3.0.0"
    get-stream "^6.0.0"
    https-proxy-agent "^5.0.0"
    is-stream "^2.0.0"
    node-fetch "^2.2.0"
    tslib "1.13.0"

to-fast-properties@^2.0.0:
  version "2.0.0"
  resolved "https://registry.nlark.com/to-fast-properties/download/to-fast-properties-2.0.0.tgz?cache=0&sync_timestamp=1628418893613&other_urls=https%3A%2F%2Fregistry.nlark.com%2Fto-fast-properties%2Fdownload%2Fto-fast-properties-2.0.0.tgz#dc5e698cbd079265bc73e0377681a4e4e83f616e"
  integrity sha1-3F5pjL0HkmW8c+A3doGk5Og/YW4=

tough-cookie@^4.0.0:
  version "4.0.0"
  resolved "https://registry.npm.taobao.org/tough-cookie/download/tough-cookie-4.0.0.tgz#d822234eeca882f991f0f908824ad2622ddbece4"
  integrity sha1-2CIjTuyogvmR8PkIgkrSYi3b7OQ=
  dependencies:
    psl "^1.1.33"
    punycode "^2.1.1"
    universalify "^0.1.2"

tr46@^2.1.0:
  version "2.1.0"
  resolved "https://registry.nlark.com/tr46/download/tr46-2.1.0.tgz?cache=0&sync_timestamp=1621678122275&other_urls=https%3A%2F%2Fregistry.nlark.com%2Ftr46%2Fdownload%2Ftr46-2.1.0.tgz#fa87aa81ca5d5941da8cbf1f9b749dc969a4e240"
  integrity sha1-+oeqgcpdWUHajL8fm3SdyWmk4kA=
  dependencies:
    punycode "^2.1.1"

tslib@1.13.0:
  version "1.13.0"
  resolved "https://registry.nlark.com/tslib/download/tslib-1.13.0.tgz?cache=0&sync_timestamp=1628722556410&other_urls=https%3A%2F%2Fregistry.nlark.com%2Ftslib%2Fdownload%2Ftslib-1.13.0.tgz#c881e13cc7015894ed914862d276436fa9a47043"
  integrity sha1-yIHhPMcBWJTtkUhi0nZDb6mkcEM=

type-check@~0.3.2:
  version "0.3.2"
  resolved "https://registry.nlark.com/type-check/download/type-check-0.3.2.tgz#5884cab512cf1d355e3fb784f30804b2b520db72"
  integrity sha1-WITKtRLPHTVeP7eE8wgEsrUg23I=
  dependencies:
    prelude-ls "~1.1.2"

unbox-primitive@^1.0.1:
  version "1.0.1"
  resolved "https://registry.nlark.com/unbox-primitive/download/unbox-primitive-1.0.1.tgz#085e215625ec3162574dc8859abee78a59b14471"
  integrity sha1-CF4hViXsMWJXTciFmr7nilmxRHE=
  dependencies:
    function-bind "^1.1.1"
    has-bigints "^1.0.1"
    has-symbols "^1.0.2"
    which-boxed-primitive "^1.0.2"

universalify@^0.1.2:
  version "0.1.2"
  resolved "https://registry.nlark.com/universalify/download/universalify-0.1.2.tgz#b646f69be3942dabcecc9d6639c80dc105efaa66"
  integrity sha1-tkb2m+OULavOzJ1mOcgNwQXvqmY=

w3c-hr-time@^1.0.2:
  version "1.0.2"
  resolved "https://registry.nlark.com/w3c-hr-time/download/w3c-hr-time-1.0.2.tgz#0a89cdf5cc15822df9c360543676963e0cc308cd"
  integrity sha1-ConN9cwVgi35w2BUNnaWPgzDCM0=
  dependencies:
    browser-process-hrtime "^1.0.0"

w3c-xmlserializer@^2.0.0:
  version "2.0.0"
  resolved "https://registry.nlark.com/w3c-xmlserializer/download/w3c-xmlserializer-2.0.0.tgz#3e7104a05b75146cc60f564380b7f683acf1020a"
  integrity sha1-PnEEoFt1FGzGD1ZDgLf2g6zxAgo=
  dependencies:
    xml-name-validator "^3.0.0"

webidl-conversions@^5.0.0:
  version "5.0.0"
  resolved "https://registry.nlark.com/webidl-conversions/download/webidl-conversions-5.0.0.tgz#ae59c8a00b121543a2acc65c0434f57b0fc11aff"
  integrity sha1-rlnIoAsSFUOirMZcBDT1ew/BGv8=

webidl-conversions@^6.1.0:
  version "6.1.0"
  resolved "https://registry.nlark.com/webidl-conversions/download/webidl-conversions-6.1.0.tgz#9111b4d7ea80acd40f5270d666621afa78b69514"
  integrity sha1-kRG01+qArNQPUnDWZmIa+ni2lRQ=

whatwg-encoding@^1.0.5:
  version "1.0.5"
  resolved "https://registry.nlark.com/whatwg-encoding/download/whatwg-encoding-1.0.5.tgz#5abacf777c32166a51d085d6b4f3e7d27113ddb0"
  integrity sha1-WrrPd3wyFmpR0IXWtPPn0nET3bA=
  dependencies:
    iconv-lite "0.4.24"

whatwg-mimetype@^2.3.0:
  version "2.3.0"
  resolved "https://registry.nlark.com/whatwg-mimetype/download/whatwg-mimetype-2.3.0.tgz#3d4b1e0312d2079879f826aff18dbeeca5960fbf"
  integrity sha1-PUseAxLSB5h5+Cav8Y2+7KWWD78=

whatwg-url@^9.0.0:
  version "9.1.0"
  resolved "https://registry.nlark.com/whatwg-url/download/whatwg-url-9.1.0.tgz#1b112cf237d72cd64fa7882b9c3f6234a1c3050d"
  integrity sha1-GxEs8jfXLNZPp4grnD9iNKHDBQ0=
  dependencies:
    tr46 "^2.1.0"
    webidl-conversions "^6.1.0"

which-boxed-primitive@^1.0.2:
  version "1.0.2"
  resolved "https://registry.nlark.com/which-boxed-primitive/download/which-boxed-primitive-1.0.2.tgz#13757bc89b209b049fe5d86430e21cf40a89a8e6"
  integrity sha1-E3V7yJsgmwSf5dhkMOIc9AqJqOY=
  dependencies:
    is-bigint "^1.0.1"
    is-boolean-object "^1.1.0"
    is-number-object "^1.0.4"
    is-string "^1.0.5"
    is-symbol "^1.0.3"

which@^2.0.1:
  version "2.0.2"
  resolved "https://registry.nlark.com/which/download/which-2.0.2.tgz#7c6a8dd0a636a0327e10b59c9286eee93f3f51b1"
  integrity sha1-fGqN0KY2oDJ+ELWckobu6T8/UbE=
  dependencies:
    isexe "^2.0.0"

word-wrap@~1.2.3:
  version "1.2.3"
  resolved "https://registry.npm.taobao.org/word-wrap/download/word-wrap-1.2.3.tgz#610636f6b1f703891bd34771ccb17fb93b47079c"
  integrity sha1-YQY29rH3A4kb00dxzLF/uTtHB5w=

ws@^8.0.0:
  version "8.1.0"
  resolved "https://registry.nlark.com/ws/download/ws-8.1.0.tgz?cache=0&sync_timestamp=1628712703768&other_urls=https%3A%2F%2Fregistry.nlark.com%2Fws%2Fdownload%2Fws-8.1.0.tgz#75e5ec608f66d3d3934ec6dbc4ebc8a34a68638c"
  integrity sha1-deXsYI9m09OTTsbbxOvIo0poY4w=

xml-name-validator@^3.0.0:
  version "3.0.0"
  resolved "https://registry.npm.taobao.org/xml-name-validator/download/xml-name-validator-3.0.0.tgz#6ae73e06de4d8c6e47f9fb181f78d648ad457c6a"
  integrity sha1-auc+Bt5NjG5H+fsYH3jWSK1FfGo=

xmlchars@^2.2.0:
  version "2.2.0"
  resolved "https://registry.nlark.com/xmlchars/download/xmlchars-2.2.0.tgz#060fe1bcb7f9c76fe2a17db86a9bc3ab894210cb"
  integrity sha1-Bg/hvLf5x2/ioX24apvDq4lCEMs=
